// !$*UTF8*$!
{
	archiveVersion = 1;
	classes = {
	};
	objectVersion = 50;
	objects = {

/* Begin PBXBuildFile section */
		4EE5E406FB0EA631D16F17C6 /* Pods_MvvmDemoApp.framework in Frameworks */ = {isa = PBXBuildFile; fileRef = 779BF78ADEF8399574A81CDC /* Pods_MvvmDemoApp.framework */; };
		6176DCB784F7C290A543C897 /* Pods_MvvmDemoApp_MvvmDemoAppTests.framework in Frameworks */ = {isa = PBXBuildFile; fileRef = 7A151008BE58F507BC3C8B3A /* Pods_MvvmDemoApp_MvvmDemoAppTests.framework */; };
		7508527920F1461F00E87180 /* WebServiceTest.swift in Sources */ = {isa = PBXBuildFile; fileRef = 7508527820F1461F00E87180 /* WebServiceTest.swift */; };
		7521C11120F0897B00E656D8 /* RegistrationServiceProtocol.swift in Sources */ = {isa = PBXBuildFile; fileRef = 7521C11020F0897B00E656D8 /* RegistrationServiceProtocol.swift */; };
		7521C11320F08A2000E656D8 /* WebServiceProtocol.swift in Sources */ = {isa = PBXBuildFile; fileRef = 7521C11220F08A2000E656D8 /* WebServiceProtocol.swift */; };
		7521C11520F08A4B00E656D8 /* AuthenticationServiceProtocol.swift in Sources */ = {isa = PBXBuildFile; fileRef = 7521C11420F08A4B00E656D8 /* AuthenticationServiceProtocol.swift */; };
		7521C11720F08B8900E656D8 /* DataServiceProtocol.swift in Sources */ = {isa = PBXBuildFile; fileRef = 7521C11620F08B8900E656D8 /* DataServiceProtocol.swift */; };
		7539E2C620E91C3B007C53C9 /* UserListViewModel.swift in Sources */ = {isa = PBXBuildFile; fileRef = 7539E2C520E91C3B007C53C9 /* UserListViewModel.swift */; };
		7539E2C820E94FE9007C53C9 /* UserTableViewCell.swift in Sources */ = {isa = PBXBuildFile; fileRef = 7539E2C720E94FE9007C53C9 /* UserTableViewCell.swift */; };
		75449EEC20E99FF40029054E /* FirebaseNotificationService.swift in Sources */ = {isa = PBXBuildFile; fileRef = 75449EEB20E99FF40029054E /* FirebaseNotificationService.swift */; };
		75714AE720F31F4A0023C20B /* MockFirebaseHandler.swift in Sources */ = {isa = PBXBuildFile; fileRef = 75714AE620F31F4A0023C20B /* MockFirebaseHandler.swift */; };
		75714AE920F327C70023C20B /* mockWebService .swift in Sources */ = {isa = PBXBuildFile; fileRef = 75714AE820F327C70023C20B /* mockWebService .swift */; };
		75714AEB20F32AFD0023C20B /* AuthenticationServiceTest.swift in Sources */ = {isa = PBXBuildFile; fileRef = 75714AEA20F32AFD0023C20B /* AuthenticationServiceTest.swift */; };
		75714AED20F32DFA0023C20B /* RegistrationServiceTest.swift in Sources */ = {isa = PBXBuildFile; fileRef = 75714AEC20F32DFA0023C20B /* RegistrationServiceTest.swift */; };
		75714AEF20F363E00023C20B /* LoginVCProtocol.swift in Sources */ = {isa = PBXBuildFile; fileRef = 75714AEE20F363E00023C20B /* LoginVCProtocol.swift */; };
		75714AF120F367480023C20B /* UserManagementBaseProtocol.swift in Sources */ = {isa = PBXBuildFile; fileRef = 75714AF020F367480023C20B /* UserManagementBaseProtocol.swift */; };
		75714AF320F3678D0023C20B /* RegistrationVCProtocol.swift in Sources */ = {isa = PBXBuildFile; fileRef = 75714AF220F3678D0023C20B /* RegistrationVCProtocol.swift */; };
		75714AF620F3AC140023C20B /* UserListVCProtocol.swift in Sources */ = {isa = PBXBuildFile; fileRef = 75714AF520F3AC140023C20B /* UserListVCProtocol.swift */; };
		757CCD9820E823F600AEF212 /* NotificationService.swift in Sources */ = {isa = PBXBuildFile; fileRef = 757CCD9720E823F600AEF212 /* NotificationService.swift */; };
		757CCDA120E8415600AEF212 /* NotificationService.swift in Sources */ = {isa = PBXBuildFile; fileRef = 757CCDA020E8415600AEF212 /* NotificationService.swift */; };
		757CCDA520E8415600AEF212 /* NotificationServiceExtentsion.appex in Embed App Extensions */ = {isa = PBXBuildFile; fileRef = 757CCD9E20E8415500AEF212 /* NotificationServiceExtentsion.appex */; settings = {ATTRIBUTES = (RemoveHeadersOnCopy, ); }; };
		757CCDAE20E8BC8F00AEF212 /* FIRDatabaseService.swift in Sources */ = {isa = PBXBuildFile; fileRef = 757CCDAD20E8BC8F00AEF212 /* FIRDatabaseService.swift */; };
		757CCDB220E8E1CE00AEF212 /* WebService.swift in Sources */ = {isa = PBXBuildFile; fileRef = 757CCDB120E8E1CE00AEF212 /* WebService.swift */; };
		757CCDB420E8EBE300AEF212 /* FIRUserManagementService.swift in Sources */ = {isa = PBXBuildFile; fileRef = 757CCDB320E8EBE300AEF212 /* FIRUserManagementService.swift */; };
		75849C0A20E23B22004708F0 /* AppDelegate.swift in Sources */ = {isa = PBXBuildFile; fileRef = 75849C0920E23B22004708F0 /* AppDelegate.swift */; };
		75849C0C20E23B22004708F0 /* RegistrationVC.swift in Sources */ = {isa = PBXBuildFile; fileRef = 75849C0B20E23B22004708F0 /* RegistrationVC.swift */; };
		75849C0F20E23B22004708F0 /* Main.storyboard in Resources */ = {isa = PBXBuildFile; fileRef = 75849C0D20E23B22004708F0 /* Main.storyboard */; };
		75849C1120E23B24004708F0 /* Assets.xcassets in Resources */ = {isa = PBXBuildFile; fileRef = 75849C1020E23B24004708F0 /* Assets.xcassets */; };
		75849C1420E23B24004708F0 /* LaunchScreen.storyboard in Resources */ = {isa = PBXBuildFile; fileRef = 75849C1220E23B24004708F0 /* LaunchScreen.storyboard */; };
		75849C2120E24AC9004708F0 /* BindingUITextField.swift in Sources */ = {isa = PBXBuildFile; fileRef = 75849C2020E24AC9004708F0 /* BindingUITextField.swift */; };
		75849C2420E24C58004708F0 /* DynamicType.swift in Sources */ = {isa = PBXBuildFile; fileRef = 75849C2320E24C58004708F0 /* DynamicType.swift */; };
		75849C2620E25177004708F0 /* RegistrationViewModel.swift in Sources */ = {isa = PBXBuildFile; fileRef = 75849C2520E25177004708F0 /* RegistrationViewModel.swift */; };
		75849C2920E252E3004708F0 /* User.swift in Sources */ = {isa = PBXBuildFile; fileRef = 75849C2820E252E3004708F0 /* User.swift */; };
		75849C2B20E25B48004708F0 /* Repository.swift in Sources */ = {isa = PBXBuildFile; fileRef = 75849C2A20E25B48004708F0 /* Repository.swift */; };
		75849C2D20E351AB004708F0 /* DataService.swift in Sources */ = {isa = PBXBuildFile; fileRef = 75849C2C20E351AB004708F0 /* DataService.swift */; };
		75849C3120E37D1F004708F0 /* RoundUIButton.swift in Sources */ = {isa = PBXBuildFile; fileRef = 75849C3020E37D1F004708F0 /* RoundUIButton.swift */; };
		75849C3320E3A4B1004708F0 /* LoginVC.swift in Sources */ = {isa = PBXBuildFile; fileRef = 75849C3220E3A4B1004708F0 /* LoginVC.swift */; };
		75849C3520E3A597004708F0 /* LoginViewModel.swift in Sources */ = {isa = PBXBuildFile; fileRef = 75849C3420E3A597004708F0 /* LoginViewModel.swift */; };
		75849C3720E3B4D5004708F0 /* UserViewModel.swift in Sources */ = {isa = PBXBuildFile; fileRef = 75849C3620E3B4D5004708F0 /* UserViewModel.swift */; };
		75849C3A20E3BB68004708F0 /* ValidationUtility.swift in Sources */ = {isa = PBXBuildFile; fileRef = 75849C3920E3BB68004708F0 /* ValidationUtility.swift */; };
		75849C3C20E3C293004708F0 /* RegistrationErrorCode.swift in Sources */ = {isa = PBXBuildFile; fileRef = 75849C3B20E3C293004708F0 /* RegistrationErrorCode.swift */; };
		75849C3E20E3C34C004708F0 /* ErrorMessages.swift in Sources */ = {isa = PBXBuildFile; fileRef = 75849C3D20E3C34C004708F0 /* ErrorMessages.swift */; };
		7594ED8820E3E7E200B3238D /* GoogleService-Info.plist in Resources */ = {isa = PBXBuildFile; fileRef = 7594ED8720E3E7E200B3238D /* GoogleService-Info.plist */; };
		7594ED8C20E3F12000B3238D /* AuthenticationService.swift in Sources */ = {isa = PBXBuildFile; fileRef = 7594ED8920E3F12000B3238D /* AuthenticationService.swift */; };
		7594ED8D20E3F12000B3238D /* RegistrationService.swift in Sources */ = {isa = PBXBuildFile; fileRef = 7594ED8A20E3F12000B3238D /* RegistrationService.swift */; };
		7594ED8E20E3F12000B3238D /* FirebaseHandler.swift in Sources */ = {isa = PBXBuildFile; fileRef = 7594ED8B20E3F12000B3238D /* FirebaseHandler.swift */; };
		7594ED9020E4198F00B3238D /* LoginErrorCode.swift in Sources */ = {isa = PBXBuildFile; fileRef = 7594ED8F20E4198F00B3238D /* LoginErrorCode.swift */; };
		7594ED9220E4206F00B3238D /* AlertControllerService.swift in Sources */ = {isa = PBXBuildFile; fileRef = 7594ED9120E4206F00B3238D /* AlertControllerService.swift */; };
		7594ED9420E4CA2F00B3238D /* UserListVC.swift in Sources */ = {isa = PBXBuildFile; fileRef = 7594ED9320E4CA2F00B3238D /* UserListVC.swift */; };
/* End PBXBuildFile section */

/* Begin PBXContainerItemProxy section */
		7508527B20F1461F00E87180 /* PBXContainerItemProxy */ = {
			isa = PBXContainerItemProxy;
			containerPortal = 75849BFE20E23B22004708F0 /* Project object */;
			proxyType = 1;
			remoteGlobalIDString = 75849C0520E23B22004708F0;
			remoteInfo = MvvmDemoApp;
		};
		757CCDA320E8415600AEF212 /* PBXContainerItemProxy */ = {
			isa = PBXContainerItemProxy;
			containerPortal = 75849BFE20E23B22004708F0 /* Project object */;
			proxyType = 1;
			remoteGlobalIDString = 757CCD9D20E8415500AEF212;
			remoteInfo = NotificationServiceExtentsion;
		};
/* End PBXContainerItemProxy section */

/* Begin PBXCopyFilesBuildPhase section */
		757CCDA920E8415600AEF212 /* Embed App Extensions */ = {
			isa = PBXCopyFilesBuildPhase;
			buildActionMask = 2147483647;
			dstPath = "";
			dstSubfolderSpec = 13;
			files = (
				757CCDA520E8415600AEF212 /* NotificationServiceExtentsion.appex in Embed App Extensions */,
			);
			name = "Embed App Extensions";
			runOnlyForDeploymentPostprocessing = 0;
		};
/* End PBXCopyFilesBuildPhase section */

/* Begin PBXFileReference section */
		2D8FA0932D18713505E2442D /* Pods-MvvmDemoApp-MvvmDemoAppTests.debug.xcconfig */ = {isa = PBXFileReference; includeInIndex = 1; lastKnownFileType = text.xcconfig; name = "Pods-MvvmDemoApp-MvvmDemoAppTests.debug.xcconfig"; path = "Pods/Target Support Files/Pods-MvvmDemoApp-MvvmDemoAppTests/Pods-MvvmDemoApp-MvvmDemoAppTests.debug.xcconfig"; sourceTree = "<group>"; };
		7508527620F1461F00E87180 /* MvvmDemoAppTests.xctest */ = {isa = PBXFileReference; explicitFileType = wrapper.cfbundle; includeInIndex = 0; path = MvvmDemoAppTests.xctest; sourceTree = BUILT_PRODUCTS_DIR; };
		7508527820F1461F00E87180 /* WebServiceTest.swift */ = {isa = PBXFileReference; lastKnownFileType = sourcecode.swift; path = WebServiceTest.swift; sourceTree = "<group>"; };
		7508527A20F1461F00E87180 /* Info.plist */ = {isa = PBXFileReference; lastKnownFileType = text.plist.xml; path = Info.plist; sourceTree = "<group>"; };
		7521C11020F0897B00E656D8 /* RegistrationServiceProtocol.swift */ = {isa = PBXFileReference; lastKnownFileType = sourcecode.swift; path = RegistrationServiceProtocol.swift; sourceTree = "<group>"; };
		7521C11220F08A2000E656D8 /* WebServiceProtocol.swift */ = {isa = PBXFileReference; lastKnownFileType = sourcecode.swift; path = WebServiceProtocol.swift; sourceTree = "<group>"; };
		7521C11420F08A4B00E656D8 /* AuthenticationServiceProtocol.swift */ = {isa = PBXFileReference; lastKnownFileType = sourcecode.swift; path = AuthenticationServiceProtocol.swift; sourceTree = "<group>"; };
		7521C11620F08B8900E656D8 /* DataServiceProtocol.swift */ = {isa = PBXFileReference; lastKnownFileType = sourcecode.swift; path = DataServiceProtocol.swift; sourceTree = "<group>"; };
		7539E2C520E91C3B007C53C9 /* UserListViewModel.swift */ = {isa = PBXFileReference; lastKnownFileType = sourcecode.swift; path = UserListViewModel.swift; sourceTree = "<group>"; };
		7539E2C720E94FE9007C53C9 /* UserTableViewCell.swift */ = {isa = PBXFileReference; lastKnownFileType = sourcecode.swift; path = UserTableViewCell.swift; sourceTree = "<group>"; };
		75449EEB20E99FF40029054E /* FirebaseNotificationService.swift */ = {isa = PBXFileReference; lastKnownFileType = sourcecode.swift; path = FirebaseNotificationService.swift; sourceTree = "<group>"; };
		75714AE620F31F4A0023C20B /* MockFirebaseHandler.swift */ = {isa = PBXFileReference; lastKnownFileType = sourcecode.swift; path = MockFirebaseHandler.swift; sourceTree = "<group>"; };
		75714AE820F327C70023C20B /* mockWebService .swift */ = {isa = PBXFileReference; lastKnownFileType = sourcecode.swift; path = "mockWebService .swift"; sourceTree = "<group>"; };
		75714AEA20F32AFD0023C20B /* AuthenticationServiceTest.swift */ = {isa = PBXFileReference; lastKnownFileType = sourcecode.swift; path = AuthenticationServiceTest.swift; sourceTree = "<group>"; };
		75714AEC20F32DFA0023C20B /* RegistrationServiceTest.swift */ = {isa = PBXFileReference; lastKnownFileType = sourcecode.swift; path = RegistrationServiceTest.swift; sourceTree = "<group>"; };
		75714AEE20F363E00023C20B /* LoginVCProtocol.swift */ = {isa = PBXFileReference; lastKnownFileType = sourcecode.swift; path = LoginVCProtocol.swift; sourceTree = "<group>"; };
		75714AF020F367480023C20B /* UserManagementBaseProtocol.swift */ = {isa = PBXFileReference; lastKnownFileType = sourcecode.swift; path = UserManagementBaseProtocol.swift; sourceTree = "<group>"; };
		75714AF220F3678D0023C20B /* RegistrationVCProtocol.swift */ = {isa = PBXFileReference; lastKnownFileType = sourcecode.swift; path = RegistrationVCProtocol.swift; sourceTree = "<group>"; };
		75714AF520F3AC140023C20B /* UserListVCProtocol.swift */ = {isa = PBXFileReference; lastKnownFileType = sourcecode.swift; path = UserListVCProtocol.swift; sourceTree = "<group>"; };
		757CCD9720E823F600AEF212 /* NotificationService.swift */ = {isa = PBXFileReference; lastKnownFileType = sourcecode.swift; path = NotificationService.swift; sourceTree = "<group>"; };
		757CCD9920E833EB00AEF212 /* MvvmDemoApp.entitlements */ = {isa = PBXFileReference; lastKnownFileType = text.plist.entitlements; path = MvvmDemoApp.entitlements; sourceTree = "<group>"; };
		757CCD9E20E8415500AEF212 /* NotificationServiceExtentsion.appex */ = {isa = PBXFileReference; explicitFileType = "wrapper.app-extension"; includeInIndex = 0; path = NotificationServiceExtentsion.appex; sourceTree = BUILT_PRODUCTS_DIR; };
		757CCDA020E8415600AEF212 /* NotificationService.swift */ = {isa = PBXFileReference; lastKnownFileType = sourcecode.swift; path = NotificationService.swift; sourceTree = "<group>"; };
		757CCDA220E8415600AEF212 /* Info.plist */ = {isa = PBXFileReference; lastKnownFileType = text.plist.xml; path = Info.plist; sourceTree = "<group>"; };
		757CCDAA20E8416500AEF212 /* NotificationServiceExtentsion.entitlements */ = {isa = PBXFileReference; lastKnownFileType = text.plist.entitlements; path = NotificationServiceExtentsion.entitlements; sourceTree = "<group>"; };
		757CCDAD20E8BC8F00AEF212 /* FIRDatabaseService.swift */ = {isa = PBXFileReference; lastKnownFileType = sourcecode.swift; path = FIRDatabaseService.swift; sourceTree = "<group>"; };
		757CCDB120E8E1CE00AEF212 /* WebService.swift */ = {isa = PBXFileReference; lastKnownFileType = sourcecode.swift; path = WebService.swift; sourceTree = "<group>"; };
		757CCDB320E8EBE300AEF212 /* FIRUserManagementService.swift */ = {isa = PBXFileReference; lastKnownFileType = sourcecode.swift; path = FIRUserManagementService.swift; sourceTree = "<group>"; };
		75849C0620E23B22004708F0 /* MvvmDemoApp.app */ = {isa = PBXFileReference; explicitFileType = wrapper.application; includeInIndex = 0; path = MvvmDemoApp.app; sourceTree = BUILT_PRODUCTS_DIR; };
		75849C0920E23B22004708F0 /* AppDelegate.swift */ = {isa = PBXFileReference; lastKnownFileType = sourcecode.swift; path = AppDelegate.swift; sourceTree = "<group>"; };
		75849C0B20E23B22004708F0 /* RegistrationVC.swift */ = {isa = PBXFileReference; lastKnownFileType = sourcecode.swift; path = RegistrationVC.swift; sourceTree = "<group>"; };
		75849C0E20E23B22004708F0 /* Base */ = {isa = PBXFileReference; lastKnownFileType = file.storyboard; name = Base; path = Base.lproj/Main.storyboard; sourceTree = "<group>"; };
		75849C1020E23B24004708F0 /* Assets.xcassets */ = {isa = PBXFileReference; lastKnownFileType = folder.assetcatalog; path = Assets.xcassets; sourceTree = "<group>"; };
		75849C1320E23B24004708F0 /* Base */ = {isa = PBXFileReference; lastKnownFileType = file.storyboard; name = Base; path = Base.lproj/LaunchScreen.storyboard; sourceTree = "<group>"; };
		75849C1520E23B24004708F0 /* Info.plist */ = {isa = PBXFileReference; lastKnownFileType = text.plist.xml; path = Info.plist; sourceTree = "<group>"; };
		75849C2020E24AC9004708F0 /* BindingUITextField.swift */ = {isa = PBXFileReference; lastKnownFileType = sourcecode.swift; path = BindingUITextField.swift; sourceTree = "<group>"; };
		75849C2320E24C58004708F0 /* DynamicType.swift */ = {isa = PBXFileReference; lastKnownFileType = sourcecode.swift; path = DynamicType.swift; sourceTree = "<group>"; };
		75849C2520E25177004708F0 /* RegistrationViewModel.swift */ = {isa = PBXFileReference; lastKnownFileType = sourcecode.swift; path = RegistrationViewModel.swift; sourceTree = "<group>"; };
		75849C2820E252E3004708F0 /* User.swift */ = {isa = PBXFileReference; lastKnownFileType = sourcecode.swift; path = User.swift; sourceTree = "<group>"; };
		75849C2A20E25B48004708F0 /* Repository.swift */ = {isa = PBXFileReference; lastKnownFileType = sourcecode.swift; path = Repository.swift; sourceTree = "<group>"; };
		75849C2C20E351AB004708F0 /* DataService.swift */ = {isa = PBXFileReference; lastKnownFileType = sourcecode.swift; path = DataService.swift; sourceTree = "<group>"; };
		75849C3020E37D1F004708F0 /* RoundUIButton.swift */ = {isa = PBXFileReference; lastKnownFileType = sourcecode.swift; path = RoundUIButton.swift; sourceTree = "<group>"; };
		75849C3220E3A4B1004708F0 /* LoginVC.swift */ = {isa = PBXFileReference; lastKnownFileType = sourcecode.swift; path = LoginVC.swift; sourceTree = "<group>"; };
		75849C3420E3A597004708F0 /* LoginViewModel.swift */ = {isa = PBXFileReference; lastKnownFileType = sourcecode.swift; path = LoginViewModel.swift; sourceTree = "<group>"; };
		75849C3620E3B4D5004708F0 /* UserViewModel.swift */ = {isa = PBXFileReference; lastKnownFileType = sourcecode.swift; path = UserViewModel.swift; sourceTree = "<group>"; };
		75849C3920E3BB68004708F0 /* ValidationUtility.swift */ = {isa = PBXFileReference; lastKnownFileType = sourcecode.swift; path = ValidationUtility.swift; sourceTree = "<group>"; };
		75849C3B20E3C293004708F0 /* RegistrationErrorCode.swift */ = {isa = PBXFileReference; lastKnownFileType = sourcecode.swift; path = RegistrationErrorCode.swift; sourceTree = "<group>"; };
		75849C3D20E3C34C004708F0 /* ErrorMessages.swift */ = {isa = PBXFileReference; lastKnownFileType = sourcecode.swift; path = ErrorMessages.swift; sourceTree = "<group>"; };
		7594ED8720E3E7E200B3238D /* GoogleService-Info.plist */ = {isa = PBXFileReference; fileEncoding = 4; lastKnownFileType = text.plist.xml; path = "GoogleService-Info.plist"; sourceTree = "<group>"; };
		7594ED8920E3F12000B3238D /* AuthenticationService.swift */ = {isa = PBXFileReference; fileEncoding = 4; lastKnownFileType = sourcecode.swift; path = AuthenticationService.swift; sourceTree = "<group>"; };
		7594ED8A20E3F12000B3238D /* RegistrationService.swift */ = {isa = PBXFileReference; fileEncoding = 4; lastKnownFileType = sourcecode.swift; path = RegistrationService.swift; sourceTree = "<group>"; };
		7594ED8B20E3F12000B3238D /* FirebaseHandler.swift */ = {isa = PBXFileReference; fileEncoding = 4; lastKnownFileType = sourcecode.swift; path = FirebaseHandler.swift; sourceTree = "<group>"; };
		7594ED8F20E4198F00B3238D /* LoginErrorCode.swift */ = {isa = PBXFileReference; lastKnownFileType = sourcecode.swift; path = LoginErrorCode.swift; sourceTree = "<group>"; };
		7594ED9120E4206F00B3238D /* AlertControllerService.swift */ = {isa = PBXFileReference; lastKnownFileType = sourcecode.swift; path = AlertControllerService.swift; sourceTree = "<group>"; };
		7594ED9320E4CA2F00B3238D /* UserListVC.swift */ = {isa = PBXFileReference; lastKnownFileType = sourcecode.swift; path = UserListVC.swift; sourceTree = "<group>"; };
		779BF78ADEF8399574A81CDC /* Pods_MvvmDemoApp.framework */ = {isa = PBXFileReference; explicitFileType = wrapper.framework; includeInIndex = 0; path = Pods_MvvmDemoApp.framework; sourceTree = BUILT_PRODUCTS_DIR; };
		7917A22E09C0F7D8E7FED9C6 /* Pods-MvvmDemoApp.debug.xcconfig */ = {isa = PBXFileReference; includeInIndex = 1; lastKnownFileType = text.xcconfig; name = "Pods-MvvmDemoApp.debug.xcconfig"; path = "Pods/Target Support Files/Pods-MvvmDemoApp/Pods-MvvmDemoApp.debug.xcconfig"; sourceTree = "<group>"; };
		7A151008BE58F507BC3C8B3A /* Pods_MvvmDemoApp_MvvmDemoAppTests.framework */ = {isa = PBXFileReference; explicitFileType = wrapper.framework; includeInIndex = 0; path = Pods_MvvmDemoApp_MvvmDemoAppTests.framework; sourceTree = BUILT_PRODUCTS_DIR; };
		E5CB7A54A67FF0639DDBAAE8 /* Pods-MvvmDemoApp-MvvmDemoAppTests.release.xcconfig */ = {isa = PBXFileReference; includeInIndex = 1; lastKnownFileType = text.xcconfig; name = "Pods-MvvmDemoApp-MvvmDemoAppTests.release.xcconfig"; path = "Pods/Target Support Files/Pods-MvvmDemoApp-MvvmDemoAppTests/Pods-MvvmDemoApp-MvvmDemoAppTests.release.xcconfig"; sourceTree = "<group>"; };
		EF208BF94FEA5CEDC9217F1F /* Pods-MvvmDemoApp.release.xcconfig */ = {isa = PBXFileReference; includeInIndex = 1; lastKnownFileType = text.xcconfig; name = "Pods-MvvmDemoApp.release.xcconfig"; path = "Pods/Target Support Files/Pods-MvvmDemoApp/Pods-MvvmDemoApp.release.xcconfig"; sourceTree = "<group>"; };
/* End PBXFileReference section */

/* Begin PBXFrameworksBuildPhase section */
		7508527320F1461F00E87180 /* Frameworks */ = {
			isa = PBXFrameworksBuildPhase;
			buildActionMask = 2147483647;
			files = (
				6176DCB784F7C290A543C897 /* Pods_MvvmDemoApp_MvvmDemoAppTests.framework in Frameworks */,
			);
			runOnlyForDeploymentPostprocessing = 0;
		};
		757CCD9B20E8415500AEF212 /* Frameworks */ = {
			isa = PBXFrameworksBuildPhase;
			buildActionMask = 2147483647;
			files = (
			);
			runOnlyForDeploymentPostprocessing = 0;
		};
		75849C0320E23B22004708F0 /* Frameworks */ = {
			isa = PBXFrameworksBuildPhase;
			buildActionMask = 2147483647;
			files = (
				4EE5E406FB0EA631D16F17C6 /* Pods_MvvmDemoApp.framework in Frameworks */,
			);
			runOnlyForDeploymentPostprocessing = 0;
		};
/* End PBXFrameworksBuildPhase section */

/* Begin PBXGroup section */
		515CE71DD1BAD3059D2C9258 /* Pods */ = {
			isa = PBXGroup;
			children = (
				7917A22E09C0F7D8E7FED9C6 /* Pods-MvvmDemoApp.debug.xcconfig */,
				EF208BF94FEA5CEDC9217F1F /* Pods-MvvmDemoApp.release.xcconfig */,
				2D8FA0932D18713505E2442D /* Pods-MvvmDemoApp-MvvmDemoAppTests.debug.xcconfig */,
				E5CB7A54A67FF0639DDBAAE8 /* Pods-MvvmDemoApp-MvvmDemoAppTests.release.xcconfig */,
			);
			name = Pods;
			sourceTree = "<group>";
		};
		7508527720F1461F00E87180 /* MvvmDemoAppTests */ = {
			isa = PBXGroup;
			children = (
				75714AE420F31DC30023C20B /* ServicesTest */,
				7508527A20F1461F00E87180 /* Info.plist */,
			);
			path = MvvmDemoAppTests;
			sourceTree = "<group>";
		};
		7521C10F20F0895900E656D8 /* ServiceProtocols */ = {
			isa = PBXGroup;
			children = (
				7521C11020F0897B00E656D8 /* RegistrationServiceProtocol.swift */,
				7521C11220F08A2000E656D8 /* WebServiceProtocol.swift */,
				7521C11420F08A4B00E656D8 /* AuthenticationServiceProtocol.swift */,
				7521C11620F08B8900E656D8 /* DataServiceProtocol.swift */,
			);
			path = ServiceProtocols;
			sourceTree = "<group>";
		};
		75714AE420F31DC30023C20B /* ServicesTest */ = {
			isa = PBXGroup;
			children = (
				75714AE520F31EFA0023C20B /* MockClasses */,
				7508527820F1461F00E87180 /* WebServiceTest.swift */,
				75714AEC20F32DFA0023C20B /* RegistrationServiceTest.swift */,
				75714AEA20F32AFD0023C20B /* AuthenticationServiceTest.swift */,
			);
			path = ServicesTest;
			sourceTree = "<group>";
		};
		75714AE520F31EFA0023C20B /* MockClasses */ = {
			isa = PBXGroup;
			children = (
				75714AE620F31F4A0023C20B /* MockFirebaseHandler.swift */,
				75714AE820F327C70023C20B /* mockWebService .swift */,
			);
			path = MockClasses;
			sourceTree = "<group>";
		};
		75714AF420F369F90023C20B /* ControllerProtocols */ = {
			isa = PBXGroup;
			children = (
				75714AEE20F363E00023C20B /* LoginVCProtocol.swift */,
				75714AF020F367480023C20B /* UserManagementBaseProtocol.swift */,
				75714AF220F3678D0023C20B /* RegistrationVCProtocol.swift */,
				75714AF520F3AC140023C20B /* UserListVCProtocol.swift */,
			);
			path = ControllerProtocols;
			sourceTree = "<group>";
		};
		757CCD9F20E8415600AEF212 /* NotificationServiceExtentsion */ = {
			isa = PBXGroup;
			children = (
				757CCDAA20E8416500AEF212 /* NotificationServiceExtentsion.entitlements */,
				757CCDA020E8415600AEF212 /* NotificationService.swift */,
				757CCDA220E8415600AEF212 /* Info.plist */,
			);
			path = NotificationServiceExtentsion;
			sourceTree = "<group>";
		};
		757CCDAB20E8B60C00AEF212 /* Services */ = {
			isa = PBXGroup;
			children = (
				7594ED8B20E3F12000B3238D /* FirebaseHandler.swift */,
				757CCDAD20E8BC8F00AEF212 /* FIRDatabaseService.swift */,
				757CCDB320E8EBE300AEF212 /* FIRUserManagementService.swift */,
				75449EEB20E99FF40029054E /* FirebaseNotificationService.swift */,
			);
			path = Services;
			sourceTree = "<group>";
		};
		757CCDAC20E8B62000AEF212 /* DeviceServices */ = {
			isa = PBXGroup;
			children = (
				7594ED9120E4206F00B3238D /* AlertControllerService.swift */,
				757CCD9720E823F600AEF212 /* NotificationService.swift */,
			);
			path = DeviceServices;
			sourceTree = "<group>";
		};
		757CCDAF20E8C2E700AEF212 /* Firebase */ = {
			isa = PBXGroup;
			children = (
				757CCDAB20E8B60C00AEF212 /* Services */,
			);
			path = Firebase;
			sourceTree = "<group>";
		};
		757CCDB020E8E1BF00AEF212 /* WebService */ = {
			isa = PBXGroup;
			children = (
				75849C2C20E351AB004708F0 /* DataService.swift */,
				7594ED8920E3F12000B3238D /* AuthenticationService.swift */,
				7594ED8A20E3F12000B3238D /* RegistrationService.swift */,
				757CCDB120E8E1CE00AEF212 /* WebService.swift */,
			);
			path = WebService;
			sourceTree = "<group>";
		};
		75849BFD20E23B22004708F0 = {
			isa = PBXGroup;
			children = (
				75849C0820E23B22004708F0 /* MvvmDemoApp */,
				757CCD9F20E8415600AEF212 /* NotificationServiceExtentsion */,
				7508527720F1461F00E87180 /* MvvmDemoAppTests */,
				75849C0720E23B22004708F0 /* Products */,
				515CE71DD1BAD3059D2C9258 /* Pods */,
				E2A8D64C2D99E3C601CBE663 /* Frameworks */,
			);
			sourceTree = "<group>";
		};
		75849C0720E23B22004708F0 /* Products */ = {
			isa = PBXGroup;
			children = (
				75849C0620E23B22004708F0 /* MvvmDemoApp.app */,
				757CCD9E20E8415500AEF212 /* NotificationServiceExtentsion.appex */,
				7508527620F1461F00E87180 /* MvvmDemoAppTests.xctest */,
			);
			name = Products;
			sourceTree = "<group>";
		};
		75849C0820E23B22004708F0 /* MvvmDemoApp */ = {
			isa = PBXGroup;
			children = (
				757CCD9920E833EB00AEF212 /* MvvmDemoApp.entitlements */,
				7594ED8720E3E7E200B3238D /* GoogleService-Info.plist */,
				75849C3820E3BB54004708F0 /* Utility */,
				75849C2720E252D9004708F0 /* Model */,
				75849C2220E24C42004708F0 /* Shared */,
				75849C1F20E24A15004708F0 /* DataSource */,
				75849C1E20E24A0B004708F0 /* ViewModel */,
				75849C1D20E24A05004708F0 /* View */,
				75849C1C20E249FD004708F0 /* Services */,
				75849C1B20E249F6004708F0 /* Controller */,
				757CCDAF20E8C2E700AEF212 /* Firebase */,
				75849C0920E23B22004708F0 /* AppDelegate.swift */,
				75849C0D20E23B22004708F0 /* Main.storyboard */,
				75849C1020E23B24004708F0 /* Assets.xcassets */,
				75849C1220E23B24004708F0 /* LaunchScreen.storyboard */,
				75849C1520E23B24004708F0 /* Info.plist */,
			);
			path = MvvmDemoApp;
			sourceTree = "<group>";
		};
		75849C1B20E249F6004708F0 /* Controller */ = {
			isa = PBXGroup;
			children = (
				75714AF420F369F90023C20B /* ControllerProtocols */,
				75849C0B20E23B22004708F0 /* RegistrationVC.swift */,
				75849C3220E3A4B1004708F0 /* LoginVC.swift */,
				7594ED9320E4CA2F00B3238D /* UserListVC.swift */,
			);
			path = Controller;
			sourceTree = "<group>";
		};
		75849C1C20E249FD004708F0 /* Services */ = {
			isa = PBXGroup;
			children = (
				7521C10F20F0895900E656D8 /* ServiceProtocols */,
				757CCDB020E8E1BF00AEF212 /* WebService */,
				757CCDAC20E8B62000AEF212 /* DeviceServices */,
			);
			path = Services;
			sourceTree = "<group>";
		};
		75849C1D20E24A05004708F0 /* View */ = {
			isa = PBXGroup;
			children = (
				75849C2020E24AC9004708F0 /* BindingUITextField.swift */,
				75849C3020E37D1F004708F0 /* RoundUIButton.swift */,
				7539E2C720E94FE9007C53C9 /* UserTableViewCell.swift */,
			);
			path = View;
			sourceTree = "<group>";
		};
		75849C1E20E24A0B004708F0 /* ViewModel */ = {
			isa = PBXGroup;
			children = (
				75849C2520E25177004708F0 /* RegistrationViewModel.swift */,
				75849C3420E3A597004708F0 /* LoginViewModel.swift */,
				75849C3620E3B4D5004708F0 /* UserViewModel.swift */,
				7539E2C520E91C3B007C53C9 /* UserListViewModel.swift */,
			);
			path = ViewModel;
			sourceTree = "<group>";
		};
		75849C1F20E24A15004708F0 /* DataSource */ = {
			isa = PBXGroup;
			children = (
				75849C2A20E25B48004708F0 /* Repository.swift */,
			);
			path = DataSource;
			sourceTree = "<group>";
		};
		75849C2220E24C42004708F0 /* Shared */ = {
			isa = PBXGroup;
			children = (
				75849C2320E24C58004708F0 /* DynamicType.swift */,
				75849C3B20E3C293004708F0 /* RegistrationErrorCode.swift */,
				75849C3D20E3C34C004708F0 /* ErrorMessages.swift */,
				7594ED8F20E4198F00B3238D /* LoginErrorCode.swift */,
			);
			path = Shared;
			sourceTree = "<group>";
		};
		75849C2720E252D9004708F0 /* Model */ = {
			isa = PBXGroup;
			children = (
				75849C2820E252E3004708F0 /* User.swift */,
			);
			path = Model;
			sourceTree = "<group>";
		};
		75849C3820E3BB54004708F0 /* Utility */ = {
			isa = PBXGroup;
			children = (
				75849C3920E3BB68004708F0 /* ValidationUtility.swift */,
			);
			path = Utility;
			sourceTree = "<group>";
		};
		E2A8D64C2D99E3C601CBE663 /* Frameworks */ = {
			isa = PBXGroup;
			children = (
				779BF78ADEF8399574A81CDC /* Pods_MvvmDemoApp.framework */,
				7A151008BE58F507BC3C8B3A /* Pods_MvvmDemoApp_MvvmDemoAppTests.framework */,
			);
			name = Frameworks;
			sourceTree = "<group>";
		};
/* End PBXGroup section */

/* Begin PBXNativeTarget section */
		7508527520F1461F00E87180 /* MvvmDemoAppTests */ = {
			isa = PBXNativeTarget;
			buildConfigurationList = 7508527F20F1461F00E87180 /* Build configuration list for PBXNativeTarget "MvvmDemoAppTests" */;
			buildPhases = (
				E8A548FCA2140B06FC3A971C /* [CP] Check Pods Manifest.lock */,
				7508527220F1461F00E87180 /* Sources */,
				7508527320F1461F00E87180 /* Frameworks */,
				7508527420F1461F00E87180 /* Resources */,
				31872B1048596EA88FA45EE0 /* [CP] Embed Pods Frameworks */,
			);
			buildRules = (
			);
			dependencies = (
				7508527C20F1461F00E87180 /* PBXTargetDependency */,
			);
			name = MvvmDemoAppTests;
			productName = MvvmDemoAppTests;
			productReference = 7508527620F1461F00E87180 /* MvvmDemoAppTests.xctest */;
			productType = "com.apple.product-type.bundle.unit-test";
		};
		757CCD9D20E8415500AEF212 /* NotificationServiceExtentsion */ = {
			isa = PBXNativeTarget;
			buildConfigurationList = 757CCDA620E8415600AEF212 /* Build configuration list for PBXNativeTarget "NotificationServiceExtentsion" */;
			buildPhases = (
				757CCD9A20E8415500AEF212 /* Sources */,
				757CCD9B20E8415500AEF212 /* Frameworks */,
				757CCD9C20E8415500AEF212 /* Resources */,
			);
			buildRules = (
			);
			dependencies = (
			);
			name = NotificationServiceExtentsion;
			productName = NotificationServiceExtentsion;
			productReference = 757CCD9E20E8415500AEF212 /* NotificationServiceExtentsion.appex */;
			productType = "com.apple.product-type.app-extension";
		};
		75849C0520E23B22004708F0 /* MvvmDemoApp */ = {
			isa = PBXNativeTarget;
			buildConfigurationList = 75849C1820E23B24004708F0 /* Build configuration list for PBXNativeTarget "MvvmDemoApp" */;
			buildPhases = (
				2A0281F55FEBDE8FCCAB78CA /* [CP] Check Pods Manifest.lock */,
				75849C0220E23B22004708F0 /* Sources */,
				75849C0320E23B22004708F0 /* Frameworks */,
				75849C0420E23B22004708F0 /* Resources */,
				757CCDA920E8415600AEF212 /* Embed App Extensions */,
				72096D05A162D4C5530867DA /* [CP] Embed Pods Frameworks */,
			);
			buildRules = (
			);
			dependencies = (
				757CCDA420E8415600AEF212 /* PBXTargetDependency */,
			);
			name = MvvmDemoApp;
			productName = MvvmDemoApp;
			productReference = 75849C0620E23B22004708F0 /* MvvmDemoApp.app */;
			productType = "com.apple.product-type.application";
		};
/* End PBXNativeTarget section */

/* Begin PBXProject section */
		75849BFE20E23B22004708F0 /* Project object */ = {
			isa = PBXProject;
			attributes = {
				LastSwiftUpdateCheck = 0940;
				LastUpgradeCheck = 0940;
				ORGANIZATIONNAME = dawbrack;
				TargetAttributes = {
					7508527520F1461F00E87180 = {
						CreatedOnToolsVersion = 9.4.1;
						TestTargetID = 75849C0520E23B22004708F0;
					};
					757CCD9D20E8415500AEF212 = {
						CreatedOnToolsVersion = 9.4.1;
						SystemCapabilities = {
							com.apple.Push = {
								enabled = 1;
							};
						};
					};
					75849C0520E23B22004708F0 = {
						CreatedOnToolsVersion = 9.4.1;
						SystemCapabilities = {
							com.apple.BackgroundModes = {
								enabled = 1;
							};
							com.apple.Push = {
								enabled = 1;
							};
						};
					};
				};
			};
			buildConfigurationList = 75849C0120E23B22004708F0 /* Build configuration list for PBXProject "MvvmDemoApp" */;
			compatibilityVersion = "Xcode 9.3";
			developmentRegion = en;
			hasScannedForEncodings = 0;
			knownRegions = (
				en,
				Base,
			);
			mainGroup = 75849BFD20E23B22004708F0;
			productRefGroup = 75849C0720E23B22004708F0 /* Products */;
			projectDirPath = "";
			projectRoot = "";
			targets = (
				75849C0520E23B22004708F0 /* MvvmDemoApp */,
				757CCD9D20E8415500AEF212 /* NotificationServiceExtentsion */,
				7508527520F1461F00E87180 /* MvvmDemoAppTests */,
			);
		};
/* End PBXProject section */

/* Begin PBXResourcesBuildPhase section */
		7508527420F1461F00E87180 /* Resources */ = {
			isa = PBXResourcesBuildPhase;
			buildActionMask = 2147483647;
			files = (
			);
			runOnlyForDeploymentPostprocessing = 0;
		};
		757CCD9C20E8415500AEF212 /* Resources */ = {
			isa = PBXResourcesBuildPhase;
			buildActionMask = 2147483647;
			files = (
			);
			runOnlyForDeploymentPostprocessing = 0;
		};
		75849C0420E23B22004708F0 /* Resources */ = {
			isa = PBXResourcesBuildPhase;
			buildActionMask = 2147483647;
			files = (
				75849C1420E23B24004708F0 /* LaunchScreen.storyboard in Resources */,
				7594ED8820E3E7E200B3238D /* GoogleService-Info.plist in Resources */,
				75849C1120E23B24004708F0 /* Assets.xcassets in Resources */,
				75849C0F20E23B22004708F0 /* Main.storyboard in Resources */,
			);
			runOnlyForDeploymentPostprocessing = 0;
		};
/* End PBXResourcesBuildPhase section */

/* Begin PBXShellScriptBuildPhase section */
		2A0281F55FEBDE8FCCAB78CA /* [CP] Check Pods Manifest.lock */ = {
			isa = PBXShellScriptBuildPhase;
			buildActionMask = 2147483647;
			files = (
			);
			inputPaths = (
				"${PODS_PODFILE_DIR_PATH}/Podfile.lock",
				"${PODS_ROOT}/Manifest.lock",
			);
			name = "[CP] Check Pods Manifest.lock";
			outputPaths = (
				"$(DERIVED_FILE_DIR)/Pods-MvvmDemoApp-checkManifestLockResult.txt",
			);
			runOnlyForDeploymentPostprocessing = 0;
			shellPath = /bin/sh;
			shellScript = "diff \"${PODS_PODFILE_DIR_PATH}/Podfile.lock\" \"${PODS_ROOT}/Manifest.lock\" > /dev/null\nif [ $? != 0 ] ; then\n    # print error to STDERR\n    echo \"error: The sandbox is not in sync with the Podfile.lock. Run 'pod install' or update your CocoaPods installation.\" >&2\n    exit 1\nfi\n# This output is used by Xcode 'outputs' to avoid re-running this script phase.\necho \"SUCCESS\" > \"${SCRIPT_OUTPUT_FILE_0}\"\n";
			showEnvVarsInLog = 0;
		};
		31872B1048596EA88FA45EE0 /* [CP] Embed Pods Frameworks */ = {
			isa = PBXShellScriptBuildPhase;
			buildActionMask = 2147483647;
			files = (
			);
			inputPaths = (
				"${SRCROOT}/Pods/Target Support Files/Pods-MvvmDemoApp-MvvmDemoAppTests/Pods-MvvmDemoApp-MvvmDemoAppTests-frameworks.sh",
				"${BUILT_PRODUCTS_DIR}/GTMSessionFetcher/GTMSessionFetcher.framework",
				"${BUILT_PRODUCTS_DIR}/GoogleToolboxForMac/GoogleToolboxForMac.framework",
				"${BUILT_PRODUCTS_DIR}/IQKeyboardManagerSwift/IQKeyboardManagerSwift.framework",
				"${BUILT_PRODUCTS_DIR}/Protobuf/Protobuf.framework",
				"${BUILT_PRODUCTS_DIR}/SwiftKeychainWrapper/SwiftKeychainWrapper.framework",
				"${BUILT_PRODUCTS_DIR}/leveldb-library/leveldb.framework",
				"${BUILT_PRODUCTS_DIR}/nanopb/nanopb.framework",
			);
			name = "[CP] Embed Pods Frameworks";
			outputPaths = (
				"${TARGET_BUILD_DIR}/${FRAMEWORKS_FOLDER_PATH}/GTMSessionFetcher.framework",
				"${TARGET_BUILD_DIR}/${FRAMEWORKS_FOLDER_PATH}/GoogleToolboxForMac.framework",
				"${TARGET_BUILD_DIR}/${FRAMEWORKS_FOLDER_PATH}/IQKeyboardManagerSwift.framework",
				"${TARGET_BUILD_DIR}/${FRAMEWORKS_FOLDER_PATH}/Protobuf.framework",
				"${TARGET_BUILD_DIR}/${FRAMEWORKS_FOLDER_PATH}/SwiftKeychainWrapper.framework",
				"${TARGET_BUILD_DIR}/${FRAMEWORKS_FOLDER_PATH}/leveldb.framework",
				"${TARGET_BUILD_DIR}/${FRAMEWORKS_FOLDER_PATH}/nanopb.framework",
			);
			runOnlyForDeploymentPostprocessing = 0;
			shellPath = /bin/sh;
			shellScript = "\"${SRCROOT}/Pods/Target Support Files/Pods-MvvmDemoApp-MvvmDemoAppTests/Pods-MvvmDemoApp-MvvmDemoAppTests-frameworks.sh\"\n";
			showEnvVarsInLog = 0;
		};
		72096D05A162D4C5530867DA /* [CP] Embed Pods Frameworks */ = {
			isa = PBXShellScriptBuildPhase;
			buildActionMask = 2147483647;
			files = (
			);
			inputPaths = (
				"${SRCROOT}/Pods/Target Support Files/Pods-MvvmDemoApp/Pods-MvvmDemoApp-frameworks.sh",
				"${BUILT_PRODUCTS_DIR}/GTMSessionFetcher/GTMSessionFetcher.framework",
				"${BUILT_PRODUCTS_DIR}/GoogleToolboxForMac/GoogleToolboxForMac.framework",
				"${BUILT_PRODUCTS_DIR}/IQKeyboardManagerSwift/IQKeyboardManagerSwift.framework",
				"${BUILT_PRODUCTS_DIR}/Protobuf/Protobuf.framework",
				"${BUILT_PRODUCTS_DIR}/SwiftKeychainWrapper/SwiftKeychainWrapper.framework",
				"${BUILT_PRODUCTS_DIR}/leveldb-library/leveldb.framework",
				"${BUILT_PRODUCTS_DIR}/nanopb/nanopb.framework",
			);
			name = "[CP] Embed Pods Frameworks";
			outputPaths = (
				"${TARGET_BUILD_DIR}/${FRAMEWORKS_FOLDER_PATH}/GTMSessionFetcher.framework",
				"${TARGET_BUILD_DIR}/${FRAMEWORKS_FOLDER_PATH}/GoogleToolboxForMac.framework",
				"${TARGET_BUILD_DIR}/${FRAMEWORKS_FOLDER_PATH}/IQKeyboardManagerSwift.framework",
				"${TARGET_BUILD_DIR}/${FRAMEWORKS_FOLDER_PATH}/Protobuf.framework",
				"${TARGET_BUILD_DIR}/${FRAMEWORKS_FOLDER_PATH}/SwiftKeychainWrapper.framework",
				"${TARGET_BUILD_DIR}/${FRAMEWORKS_FOLDER_PATH}/leveldb.framework",
				"${TARGET_BUILD_DIR}/${FRAMEWORKS_FOLDER_PATH}/nanopb.framework",
			);
			runOnlyForDeploymentPostprocessing = 0;
			shellPath = /bin/sh;
			shellScript = "\"${SRCROOT}/Pods/Target Support Files/Pods-MvvmDemoApp/Pods-MvvmDemoApp-frameworks.sh\"\n";
			showEnvVarsInLog = 0;
		};
		E8A548FCA2140B06FC3A971C /* [CP] Check Pods Manifest.lock */ = {
			isa = PBXShellScriptBuildPhase;
			buildActionMask = 2147483647;
			files = (
			);
			inputPaths = (
				"${PODS_PODFILE_DIR_PATH}/Podfile.lock",
				"${PODS_ROOT}/Manifest.lock",
			);
			name = "[CP] Check Pods Manifest.lock";
			outputPaths = (
				"$(DERIVED_FILE_DIR)/Pods-MvvmDemoApp-MvvmDemoAppTests-checkManifestLockResult.txt",
			);
			runOnlyForDeploymentPostprocessing = 0;
			shellPath = /bin/sh;
			shellScript = "diff \"${PODS_PODFILE_DIR_PATH}/Podfile.lock\" \"${PODS_ROOT}/Manifest.lock\" > /dev/null\nif [ $? != 0 ] ; then\n    # print error to STDERR\n    echo \"error: The sandbox is not in sync with the Podfile.lock. Run 'pod install' or update your CocoaPods installation.\" >&2\n    exit 1\nfi\n# This output is used by Xcode 'outputs' to avoid re-running this script phase.\necho \"SUCCESS\" > \"${SCRIPT_OUTPUT_FILE_0}\"\n";
			showEnvVarsInLog = 0;
		};
/* End PBXShellScriptBuildPhase section */

/* Begin PBXSourcesBuildPhase section */
		7508527220F1461F00E87180 /* Sources */ = {
			isa = PBXSourcesBuildPhase;
			buildActionMask = 2147483647;
			files = (
				7508527920F1461F00E87180 /* WebServiceTest.swift in Sources */,
				75714AE720F31F4A0023C20B /* MockFirebaseHandler.swift in Sources */,
				75714AE920F327C70023C20B /* mockWebService .swift in Sources */,
				75714AEB20F32AFD0023C20B /* AuthenticationServiceTest.swift in Sources */,
				75714AED20F32DFA0023C20B /* RegistrationServiceTest.swift in Sources */,
			);
			runOnlyForDeploymentPostprocessing = 0;
		};
		757CCD9A20E8415500AEF212 /* Sources */ = {
			isa = PBXSourcesBuildPhase;
			buildActionMask = 2147483647;
			files = (
				757CCDA120E8415600AEF212 /* NotificationService.swift in Sources */,
			);
			runOnlyForDeploymentPostprocessing = 0;
		};
		75849C0220E23B22004708F0 /* Sources */ = {
			isa = PBXSourcesBuildPhase;
			buildActionMask = 2147483647;
			files = (
				75714AEF20F363E00023C20B /* LoginVCProtocol.swift in Sources */,
				75849C3A20E3BB68004708F0 /* ValidationUtility.swift in Sources */,
				7539E2C820E94FE9007C53C9 /* UserTableViewCell.swift in Sources */,
				7594ED9420E4CA2F00B3238D /* UserListVC.swift in Sources */,
				757CCDB220E8E1CE00AEF212 /* WebService.swift in Sources */,
				7594ED8D20E3F12000B3238D /* RegistrationService.swift in Sources */,
				75849C3120E37D1F004708F0 /* RoundUIButton.swift in Sources */,
				7521C11320F08A2000E656D8 /* WebServiceProtocol.swift in Sources */,
				7521C11520F08A4B00E656D8 /* AuthenticationServiceProtocol.swift in Sources */,
				7521C11120F0897B00E656D8 /* RegistrationServiceProtocol.swift in Sources */,
				75849C3720E3B4D5004708F0 /* UserViewModel.swift in Sources */,
				75849C2620E25177004708F0 /* RegistrationViewModel.swift in Sources */,
				75714AF120F367480023C20B /* UserManagementBaseProtocol.swift in Sources */,
				75849C3520E3A597004708F0 /* LoginViewModel.swift in Sources */,
				75849C0C20E23B22004708F0 /* RegistrationVC.swift in Sources */,
				7539E2C620E91C3B007C53C9 /* UserListViewModel.swift in Sources */,
				757CCDAE20E8BC8F00AEF212 /* FIRDatabaseService.swift in Sources */,
				7594ED8E20E3F12000B3238D /* FirebaseHandler.swift in Sources */,
				757CCDB420E8EBE300AEF212 /* FIRUserManagementService.swift in Sources */,
				7521C11720F08B8900E656D8 /* DataServiceProtocol.swift in Sources */,
				7594ED9220E4206F00B3238D /* AlertControllerService.swift in Sources */,
				75849C2920E252E3004708F0 /* User.swift in Sources */,
				7594ED8C20E3F12000B3238D /* AuthenticationService.swift in Sources */,
				757CCD9820E823F600AEF212 /* NotificationService.swift in Sources */,
				75849C3320E3A4B1004708F0 /* LoginVC.swift in Sources */,
				75849C3E20E3C34C004708F0 /* ErrorMessages.swift in Sources */,
				75849C0A20E23B22004708F0 /* AppDelegate.swift in Sources */,
				75849C2120E24AC9004708F0 /* BindingUITextField.swift in Sources */,
				75849C3C20E3C293004708F0 /* RegistrationErrorCode.swift in Sources */,
				75449EEC20E99FF40029054E /* FirebaseNotificationService.swift in Sources */,
				75714AF320F3678D0023C20B /* RegistrationVCProtocol.swift in Sources */,
				75849C2420E24C58004708F0 /* DynamicType.swift in Sources */,
				75849C2B20E25B48004708F0 /* Repository.swift in Sources */,
				75714AF620F3AC140023C20B /* UserListVCProtocol.swift in Sources */,
				75849C2D20E351AB004708F0 /* DataService.swift in Sources */,
				7594ED9020E4198F00B3238D /* LoginErrorCode.swift in Sources */,
			);
			runOnlyForDeploymentPostprocessing = 0;
		};
/* End PBXSourcesBuildPhase section */

/* Begin PBXTargetDependency section */
		7508527C20F1461F00E87180 /* PBXTargetDependency */ = {
			isa = PBXTargetDependency;
			target = 75849C0520E23B22004708F0 /* MvvmDemoApp */;
			targetProxy = 7508527B20F1461F00E87180 /* PBXContainerItemProxy */;
		};
		757CCDA420E8415600AEF212 /* PBXTargetDependency */ = {
			isa = PBXTargetDependency;
			target = 757CCD9D20E8415500AEF212 /* NotificationServiceExtentsion */;
			targetProxy = 757CCDA320E8415600AEF212 /* PBXContainerItemProxy */;
		};
/* End PBXTargetDependency section */

/* Begin PBXVariantGroup section */
		75849C0D20E23B22004708F0 /* Main.storyboard */ = {
			isa = PBXVariantGroup;
			children = (
				75849C0E20E23B22004708F0 /* Base */,
			);
			name = Main.storyboard;
			sourceTree = "<group>";
		};
		75849C1220E23B24004708F0 /* LaunchScreen.storyboard */ = {
			isa = PBXVariantGroup;
			children = (
				75849C1320E23B24004708F0 /* Base */,
			);
			name = LaunchScreen.storyboard;
			sourceTree = "<group>";
		};
/* End PBXVariantGroup section */

/* Begin XCBuildConfiguration section */
		7508527D20F1461F00E87180 /* Debug */ = {
			isa = XCBuildConfiguration;
			baseConfigurationReference = 2D8FA0932D18713505E2442D /* Pods-MvvmDemoApp-MvvmDemoAppTests.debug.xcconfig */;
			buildSettings = {
				BUNDLE_LOADER = "$(TEST_HOST)";
				CODE_SIGN_STYLE = Automatic;
				DEVELOPMENT_TEAM = 64KGZ4D3NY;
				INFOPLIST_FILE = MvvmDemoAppTests/Info.plist;
				LD_RUNPATH_SEARCH_PATHS = (
					"$(inherited)",
					"@executable_path/Frameworks",
					"@loader_path/Frameworks",
				);
				PRODUCT_BUNDLE_IDENTIFIER = com.dawbrack.com.MvvmDemoAppTests;
				PRODUCT_NAME = "$(TARGET_NAME)";
				SWIFT_VERSION = 4.0;
				TARGETED_DEVICE_FAMILY = "1,2";
				TEST_HOST = "$(BUILT_PRODUCTS_DIR)/MvvmDemoApp.app/MvvmDemoApp";
			};
			name = Debug;
		};
		7508527E20F1461F00E87180 /* Release */ = {
			isa = XCBuildConfiguration;
			baseConfigurationReference = E5CB7A54A67FF0639DDBAAE8 /* Pods-MvvmDemoApp-MvvmDemoAppTests.release.xcconfig */;
			buildSettings = {
				BUNDLE_LOADER = "$(TEST_HOST)";
				CODE_SIGN_STYLE = Automatic;
				DEVELOPMENT_TEAM = 64KGZ4D3NY;
				INFOPLIST_FILE = MvvmDemoAppTests/Info.plist;
				LD_RUNPATH_SEARCH_PATHS = (
					"$(inherited)",
					"@executable_path/Frameworks",
					"@loader_path/Frameworks",
				);
				PRODUCT_BUNDLE_IDENTIFIER = com.dawbrack.com.MvvmDemoAppTests;
				PRODUCT_NAME = "$(TARGET_NAME)";
				SWIFT_VERSION = 4.0;
				TARGETED_DEVICE_FAMILY = "1,2";
				TEST_HOST = "$(BUILT_PRODUCTS_DIR)/MvvmDemoApp.app/MvvmDemoApp";
			};
			name = Release;
		};
		757CCDA720E8415600AEF212 /* Debug */ = {
			isa = XCBuildConfiguration;
			buildSettings = {
				CODE_SIGN_ENTITLEMENTS = NotificationServiceExtentsion/NotificationServiceExtentsion.entitlements;
				CODE_SIGN_STYLE = Automatic;
				DEVELOPMENT_TEAM = 64KGZ4D3NY;
				INFOPLIST_FILE = NotificationServiceExtentsion/Info.plist;
				LD_RUNPATH_SEARCH_PATHS = (
					"$(inherited)",
					"@executable_path/Frameworks",
					"@executable_path/../../Frameworks",
				);
				PRODUCT_BUNDLE_IDENTIFIER = com.dawbrack.com.MvvmDemoApp.NotificationServiceExtentsion;
				PRODUCT_NAME = "$(TARGET_NAME)";
				SKIP_INSTALL = YES;
				SWIFT_VERSION = 4.0;
				TARGETED_DEVICE_FAMILY = "1,2";
			};
			name = Debug;
		};
		757CCDA820E8415600AEF212 /* Release */ = {
			isa = XCBuildConfiguration;
			buildSettings = {
				CODE_SIGN_ENTITLEMENTS = NotificationServiceExtentsion/NotificationServiceExtentsion.entitlements;
				CODE_SIGN_STYLE = Automatic;
				DEVELOPMENT_TEAM = 64KGZ4D3NY;
				INFOPLIST_FILE = NotificationServiceExtentsion/Info.plist;
				LD_RUNPATH_SEARCH_PATHS = (
					"$(inherited)",
					"@executable_path/Frameworks",
					"@executable_path/../../Frameworks",
				);
				PRODUCT_BUNDLE_IDENTIFIER = com.dawbrack.com.MvvmDemoApp.NotificationServiceExtentsion;
				PRODUCT_NAME = "$(TARGET_NAME)";
				SKIP_INSTALL = YES;
				SWIFT_VERSION = 4.0;
				TARGETED_DEVICE_FAMILY = "1,2";
			};
			name = Release;
		};
		75849C1620E23B24004708F0 /* Debug */ = {
			isa = XCBuildConfiguration;
			buildSettings = {
				ALWAYS_SEARCH_USER_PATHS = NO;
				CLANG_ANALYZER_NONNULL = YES;
				CLANG_ANALYZER_NUMBER_OBJECT_CONVERSION = YES_AGGRESSIVE;
				CLANG_CXX_LANGUAGE_STANDARD = "gnu++14";
				CLANG_CXX_LIBRARY = "libc++";
				CLANG_ENABLE_MODULES = YES;
				CLANG_ENABLE_OBJC_ARC = YES;
				CLANG_ENABLE_OBJC_WEAK = YES;
				CLANG_WARN_BLOCK_CAPTURE_AUTORELEASING = YES;
				CLANG_WARN_BOOL_CONVERSION = YES;
				CLANG_WARN_COMMA = YES;
				CLANG_WARN_CONSTANT_CONVERSION = YES;
				CLANG_WARN_DEPRECATED_OBJC_IMPLEMENTATIONS = YES;
				CLANG_WARN_DIRECT_OBJC_ISA_USAGE = YES_ERROR;
				CLANG_WARN_DOCUMENTATION_COMMENTS = YES;
				CLANG_WARN_EMPTY_BODY = YES;
				CLANG_WARN_ENUM_CONVERSION = YES;
				CLANG_WARN_INFINITE_RECURSION = YES;
				CLANG_WARN_INT_CONVERSION = YES;
				CLANG_WARN_NON_LITERAL_NULL_CONVERSION = YES;
				CLANG_WARN_OBJC_IMPLICIT_RETAIN_SELF = YES;
				CLANG_WARN_OBJC_LITERAL_CONVERSION = YES;
				CLANG_WARN_OBJC_ROOT_CLASS = YES_ERROR;
				CLANG_WARN_RANGE_LOOP_ANALYSIS = YES;
				CLANG_WARN_STRICT_PROTOTYPES = YES;
				CLANG_WARN_SUSPICIOUS_MOVE = YES;
				CLANG_WARN_UNGUARDED_AVAILABILITY = YES_AGGRESSIVE;
				CLANG_WARN_UNREACHABLE_CODE = YES;
				CLANG_WARN__DUPLICATE_METHOD_MATCH = YES;
				CODE_SIGN_IDENTITY = "iPhone Developer";
				COPY_PHASE_STRIP = NO;
				DEBUG_INFORMATION_FORMAT = dwarf;
				ENABLE_STRICT_OBJC_MSGSEND = YES;
				ENABLE_TESTABILITY = YES;
				GCC_C_LANGUAGE_STANDARD = gnu11;
				GCC_DYNAMIC_NO_PIC = NO;
				GCC_NO_COMMON_BLOCKS = YES;
				GCC_OPTIMIZATION_LEVEL = 0;
				GCC_PREPROCESSOR_DEFINITIONS = (
					"DEBUG=1",
					"$(inherited)",
				);
				GCC_WARN_64_TO_32_BIT_CONVERSION = YES;
				GCC_WARN_ABOUT_RETURN_TYPE = YES_ERROR;
				GCC_WARN_UNDECLARED_SELECTOR = YES;
				GCC_WARN_UNINITIALIZED_AUTOS = YES_AGGRESSIVE;
				GCC_WARN_UNUSED_FUNCTION = YES;
				GCC_WARN_UNUSED_VARIABLE = YES;
				IPHONEOS_DEPLOYMENT_TARGET = 11.4;
				MTL_ENABLE_DEBUG_INFO = YES;
				ONLY_ACTIVE_ARCH = YES;
				SDKROOT = iphoneos;
				SWIFT_ACTIVE_COMPILATION_CONDITIONS = DEBUG;
				SWIFT_OPTIMIZATION_LEVEL = "-Onone";
			};
			name = Debug;
		};
		75849C1720E23B24004708F0 /* Release */ = {
			isa = XCBuildConfiguration;
			buildSettings = {
				ALWAYS_SEARCH_USER_PATHS = NO;
				CLANG_ANALYZER_NONNULL = YES;
				CLANG_ANALYZER_NUMBER_OBJECT_CONVERSION = YES_AGGRESSIVE;
				CLANG_CXX_LANGUAGE_STANDARD = "gnu++14";
				CLANG_CXX_LIBRARY = "libc++";
				CLANG_ENABLE_MODULES = YES;
				CLANG_ENABLE_OBJC_ARC = YES;
				CLANG_ENABLE_OBJC_WEAK = YES;
				CLANG_WARN_BLOCK_CAPTURE_AUTORELEASING = YES;
				CLANG_WARN_BOOL_CONVERSION = YES;
				CLANG_WARN_COMMA = YES;
				CLANG_WARN_CONSTANT_CONVERSION = YES;
				CLANG_WARN_DEPRECATED_OBJC_IMPLEMENTATIONS = YES;
				CLANG_WARN_DIRECT_OBJC_ISA_USAGE = YES_ERROR;
				CLANG_WARN_DOCUMENTATION_COMMENTS = YES;
				CLANG_WARN_EMPTY_BODY = YES;
				CLANG_WARN_ENUM_CONVERSION = YES;
				CLANG_WARN_INFINITE_RECURSION = YES;
				CLANG_WARN_INT_CONVERSION = YES;
				CLANG_WARN_NON_LITERAL_NULL_CONVERSION = YES;
				CLANG_WARN_OBJC_IMPLICIT_RETAIN_SELF = YES;
				CLANG_WARN_OBJC_LITERAL_CONVERSION = YES;
				CLANG_WARN_OBJC_ROOT_CLASS = YES_ERROR;
				CLANG_WARN_RANGE_LOOP_ANALYSIS = YES;
				CLANG_WARN_STRICT_PROTOTYPES = YES;
				CLANG_WARN_SUSPICIOUS_MOVE = YES;
				CLANG_WARN_UNGUARDED_AVAILABILITY = YES_AGGRESSIVE;
				CLANG_WARN_UNREACHABLE_CODE = YES;
				CLANG_WARN__DUPLICATE_METHOD_MATCH = YES;
				CODE_SIGN_IDENTITY = "iPhone Developer";
				COPY_PHASE_STRIP = NO;
				DEBUG_INFORMATION_FORMAT = "dwarf-with-dsym";
				ENABLE_NS_ASSERTIONS = NO;
				ENABLE_STRICT_OBJC_MSGSEND = YES;
				GCC_C_LANGUAGE_STANDARD = gnu11;
				GCC_NO_COMMON_BLOCKS = YES;
				GCC_WARN_64_TO_32_BIT_CONVERSION = YES;
				GCC_WARN_ABOUT_RETURN_TYPE = YES_ERROR;
				GCC_WARN_UNDECLARED_SELECTOR = YES;
				GCC_WARN_UNINITIALIZED_AUTOS = YES_AGGRESSIVE;
				GCC_WARN_UNUSED_FUNCTION = YES;
				GCC_WARN_UNUSED_VARIABLE = YES;
				IPHONEOS_DEPLOYMENT_TARGET = 11.4;
				MTL_ENABLE_DEBUG_INFO = NO;
				SDKROOT = iphoneos;
				SWIFT_COMPILATION_MODE = wholemodule;
				SWIFT_OPTIMIZATION_LEVEL = "-O";
				VALIDATE_PRODUCT = YES;
			};
			name = Release;
		};
		75849C1920E23B24004708F0 /* Debug */ = {
			isa = XCBuildConfiguration;
			baseConfigurationReference = 7917A22E09C0F7D8E7FED9C6 /* Pods-MvvmDemoApp.debug.xcconfig */;
			buildSettings = {
				ALWAYS_EMBED_SWIFT_STANDARD_LIBRARIES = YES;
				ASSETCATALOG_COMPILER_APPICON_NAME = AppIcon;
				CODE_SIGN_ENTITLEMENTS = MvvmDemoApp/MvvmDemoApp.entitlements;
				CODE_SIGN_STYLE = Automatic;
				DEVELOPMENT_TEAM = 64KGZ4D3NY;
				INFOPLIST_FILE = MvvmDemoApp/Info.plist;
				IPHONEOS_DEPLOYMENT_TARGET = 10.0;
				LD_RUNPATH_SEARCH_PATHS = (
					"$(inherited)",
					"@executable_path/Frameworks",
				);
				PRODUCT_BUNDLE_IDENTIFIER = com.dawbrack.com.MvvmDemoApp;
				PRODUCT_NAME = "$(TARGET_NAME)";
				SWIFT_VERSION = 4.0;
				TARGETED_DEVICE_FAMILY = "1,2";
			};
			name = Debug;
		};
		75849C1A20E23B24004708F0 /* Release */ = {
			isa = XCBuildConfiguration;
			baseConfigurationReference = EF208BF94FEA5CEDC9217F1F /* Pods-MvvmDemoApp.release.xcconfig */;
			buildSettings = {
				ALWAYS_EMBED_SWIFT_STANDARD_LIBRARIES = YES;
				ASSETCATALOG_COMPILER_APPICON_NAME = AppIcon;
				CODE_SIGN_ENTITLEMENTS = MvvmDemoApp/MvvmDemoApp.entitlements;
				CODE_SIGN_STYLE = Automatic;
				DEVELOPMENT_TEAM = 64KGZ4D3NY;
				INFOPLIST_FILE = MvvmDemoApp/Info.plist;
				IPHONEOS_DEPLOYMENT_TARGET = 10.0;
				LD_RUNPATH_SEARCH_PATHS = (
					"$(inherited)",
					"@executable_path/Frameworks",
				);
				PRODUCT_BUNDLE_IDENTIFIER = com.dawbrack.com.MvvmDemoApp;
				PRODUCT_NAME = "$(TARGET_NAME)";
				SWIFT_VERSION = 4.0;
				TARGETED_DEVICE_FAMILY = "1,2";
			};
			name = Release;
		};
/* End XCBuildConfiguration section */

/* Begin XCConfigurationList section */
		7508527F20F1461F00E87180 /* Build configuration list for PBXNativeTarget "MvvmDemoAppTests" */ = {
			isa = XCConfigurationList;
			buildConfigurations = (
				7508527D20F1461F00E87180 /* Debug */,
				7508527E20F1461F00E87180 /* Release */,
			);
			defaultConfigurationIsVisible = 0;
			defaultConfigurationName = Release;
		};
		757CCDA620E8415600AEF212 /* Build configuration list for PBXNativeTarget "NotificationServiceExtentsion" */ = {
			isa = XCConfigurationList;
			buildConfigurations = (
				757CCDA720E8415600AEF212 /* Debug */,
				757CCDA820E8415600AEF212 /* Release */,
			);
			defaultConfigurationIsVisible = 0;
			defaultConfigurationName = Release;
		};
		75849C0120E23B22004708F0 /* Build configuration list for PBXProject "MvvmDemoApp" */ = {
			isa = XCConfigurationList;
			buildConfigurations = (
				75849C1620E23B24004708F0 /* Debug */,
				75849C1720E23B24004708F0 /* Release */,
			);
			defaultConfigurationIsVisible = 0;
			defaultConfigurationName = Release;
		};
		75849C1820E23B24004708F0 /* Build configuration list for PBXNativeTarget "MvvmDemoApp" */ = {
			isa = XCConfigurationList;
			buildConfigurations = (
				75849C1920E23B24004708F0 /* Debug */,
				75849C1A20E23B24004708F0 /* Release */,
			);
			defaultConfigurationIsVisible = 0;
			defaultConfigurationName = Release;
		};
/* End XCConfigurationList section */
	};
	rootObject = 75849BFE20E23B22004708F0 /* Project object */;
}
