// !$*UTF8*$!
{
	archiveVersion = 1;
	classes = {
	};
	objectVersion = 50;
	objects = {

/* Begin PBXBuildFile section */
		195A34FDCFC6BB0809C327D6 /* Pods_MvvmDemoAppTests.framework in Frameworks */ = {isa = PBXBuildFile; fileRef = B61F96518776BFF2EA91974D /* Pods_MvvmDemoAppTests.framework */; };
		7539E2C620E91C3B007C53C9 /* UserListViewModel.swift in Sources */ = {isa = PBXBuildFile; fileRef = 7539E2C520E91C3B007C53C9 /* UserListViewModel.swift */; };
		7539E2C820E94FE9007C53C9 /* UserTableViewCell.swift in Sources */ = {isa = PBXBuildFile; fileRef = 7539E2C720E94FE9007C53C9 /* UserTableViewCell.swift */; };
		75449EEC20E99FF40029054E /* FirebaseNotificationService.swift in Sources */ = {isa = PBXBuildFile; fileRef = 75449EEB20E99FF40029054E /* FirebaseNotificationService.swift */; };
		7568CE2A20F144280070884F /* MvvmDemoAppTests.swift in Sources */ = {isa = PBXBuildFile; fileRef = 7568CE2920F144280070884F /* MvvmDemoAppTests.swift */; };
		757CCD9820E823F600AEF212 /* NotificationService.swift in Sources */ = {isa = PBXBuildFile; fileRef = 757CCD9720E823F600AEF212 /* NotificationService.swift */; };
		757CCDA120E8415600AEF212 /* NotificationService.swift in Sources */ = {isa = PBXBuildFile; fileRef = 757CCDA020E8415600AEF212 /* NotificationService.swift */; };
		757CCDA520E8415600AEF212 /* NotificationServiceExtentsion.appex in Embed App Extensions */ = {isa = PBXBuildFile; fileRef = 757CCD9E20E8415500AEF212 /* NotificationServiceExtentsion.appex */; settings = {ATTRIBUTES = (RemoveHeadersOnCopy, ); }; };
		757CCDAE20E8BC8F00AEF212 /* FIRDatabaseService.swift in Sources */ = {isa = PBXBuildFile; fileRef = 757CCDAD20E8BC8F00AEF212 /* FIRDatabaseService.swift */; };
		757CCDB220E8E1CE00AEF212 /* WebService.swift in Sources */ = {isa = PBXBuildFile; fileRef = 757CCDB120E8E1CE00AEF212 /* WebService.swift */; };
		757CCDB420E8EBE300AEF212 /* FIRUserManagementService.swift in Sources */ = {isa = PBXBuildFile; fileRef = 757CCDB320E8EBE300AEF212 /* FIRUserManagementService.swift */; };
		75849C0A20E23B22004708F0 /* AppDelegate.swift in Sources */ = {isa = PBXBuildFile; fileRef = 75849C0920E23B22004708F0 /* AppDelegate.swift */; };
		75849C0C20E23B22004708F0 /* RegistrationVC.swift in Sources */ = {isa = PBXBuildFile; fileRef = 75849C0B20E23B22004708F0 /* RegistrationVC.swift */; };
		75849C0F20E23B22004708F0 /* Main.storyboard in Resources */ = {isa = PBXBuildFile; fileRef = 75849C0D20E23B22004708F0 /* Main.storyboard */; };
		75849C1120E23B24004708F0 /* Assets.xcassets in Resources */ = {isa = PBXBuildFile; fileRef = 75849C1020E23B24004708F0 /* Assets.xcassets */; };
		75849C1420E23B24004708F0 /* LaunchScreen.storyboard in Resources */ = {isa = PBXBuildFile; fileRef = 75849C1220E23B24004708F0 /* LaunchScreen.storyboard */; };
		75849C2120E24AC9004708F0 /* BindingUITextField.swift in Sources */ = {isa = PBXBuildFile; fileRef = 75849C2020E24AC9004708F0 /* BindingUITextField.swift */; };
		75849C2420E24C58004708F0 /* DynamicType.swift in Sources */ = {isa = PBXBuildFile; fileRef = 75849C2320E24C58004708F0 /* DynamicType.swift */; };
		75849C2620E25177004708F0 /* RegistrationViewModel.swift in Sources */ = {isa = PBXBuildFile; fileRef = 75849C2520E25177004708F0 /* RegistrationViewModel.swift */; };
		75849C2920E252E3004708F0 /* User.swift in Sources */ = {isa = PBXBuildFile; fileRef = 75849C2820E252E3004708F0 /* User.swift */; };
		75849C2B20E25B48004708F0 /* Repository.swift in Sources */ = {isa = PBXBuildFile; fileRef = 75849C2A20E25B48004708F0 /* Repository.swift */; };
		75849C2D20E351AB004708F0 /* DataService.swift in Sources */ = {isa = PBXBuildFile; fileRef = 75849C2C20E351AB004708F0 /* DataService.swift */; };
		75849C3120E37D1F004708F0 /* RoundUIButton.swift in Sources */ = {isa = PBXBuildFile; fileRef = 75849C3020E37D1F004708F0 /* RoundUIButton.swift */; };
		75849C3320E3A4B1004708F0 /* LoginVC.swift in Sources */ = {isa = PBXBuildFile; fileRef = 75849C3220E3A4B1004708F0 /* LoginVC.swift */; };
		75849C3520E3A597004708F0 /* LoginViewModel.swift in Sources */ = {isa = PBXBuildFile; fileRef = 75849C3420E3A597004708F0 /* LoginViewModel.swift */; };
		75849C3720E3B4D5004708F0 /* UserViewModel.swift in Sources */ = {isa = PBXBuildFile; fileRef = 75849C3620E3B4D5004708F0 /* UserViewModel.swift */; };
		75849C3A20E3BB68004708F0 /* ValidationUtility.swift in Sources */ = {isa = PBXBuildFile; fileRef = 75849C3920E3BB68004708F0 /* ValidationUtility.swift */; };
		75849C3C20E3C293004708F0 /* RegistrationErrorCode.swift in Sources */ = {isa = PBXBuildFile; fileRef = 75849C3B20E3C293004708F0 /* RegistrationErrorCode.swift */; };
		75849C3E20E3C34C004708F0 /* ErrorMessages.swift in Sources */ = {isa = PBXBuildFile; fileRef = 75849C3D20E3C34C004708F0 /* ErrorMessages.swift */; };
		7594ED8820E3E7E200B3238D /* GoogleService-Info.plist in Resources */ = {isa = PBXBuildFile; fileRef = 7594ED8720E3E7E200B3238D /* GoogleService-Info.plist */; };
		7594ED8C20E3F12000B3238D /* AuthenticationService.swift in Sources */ = {isa = PBXBuildFile; fileRef = 7594ED8920E3F12000B3238D /* AuthenticationService.swift */; };
		7594ED8D20E3F12000B3238D /* RegistrationService.swift in Sources */ = {isa = PBXBuildFile; fileRef = 7594ED8A20E3F12000B3238D /* RegistrationService.swift */; };
		7594ED8E20E3F12000B3238D /* FirebaseHandler.swift in Sources */ = {isa = PBXBuildFile; fileRef = 7594ED8B20E3F12000B3238D /* FirebaseHandler.swift */; };
		7594ED9020E4198F00B3238D /* LoginErrorCode.swift in Sources */ = {isa = PBXBuildFile; fileRef = 7594ED8F20E4198F00B3238D /* LoginErrorCode.swift */; };
		7594ED9220E4206F00B3238D /* AlertControllerService.swift in Sources */ = {isa = PBXBuildFile; fileRef = 7594ED9120E4206F00B3238D /* AlertControllerService.swift */; };
		7594ED9420E4CA2F00B3238D /* UserListVC.swift in Sources */ = {isa = PBXBuildFile; fileRef = 7594ED9320E4CA2F00B3238D /* UserListVC.swift */; };
		BB68DEF5CE3E055BB9F117E6 /* Pods_MvvmDemoApp.framework in Frameworks */ = {isa = PBXBuildFile; fileRef = 5EB78E6103D83D2EFC09DE2B /* Pods_MvvmDemoApp.framework */; };
/* End PBXBuildFile section */

/* Begin PBXContainerItemProxy section */
		7568CE2C20F144280070884F /* PBXContainerItemProxy */ = {
			isa = PBXContainerItemProxy;
			containerPortal = 75849BFE20E23B22004708F0 /* Project object */;
			proxyType = 1;
			remoteGlobalIDString = 75849C0520E23B22004708F0;
			remoteInfo = MvvmDemoApp;
		};
		757CCDA320E8415600AEF212 /* PBXContainerItemProxy */ = {
			isa = PBXContainerItemProxy;
			containerPortal = 75849BFE20E23B22004708F0 /* Project object */;
			proxyType = 1;
			remoteGlobalIDString = 757CCD9D20E8415500AEF212;
			remoteInfo = NotificationServiceExtentsion;
		};
/* End PBXContainerItemProxy section */

/* Begin PBXCopyFilesBuildPhase section */
		757CCDA920E8415600AEF212 /* Embed App Extensions */ = {
			isa = PBXCopyFilesBuildPhase;
			buildActionMask = 2147483647;
			dstPath = "";
			dstSubfolderSpec = 13;
			files = (
				757CCDA520E8415600AEF212 /* NotificationServiceExtentsion.appex in Embed App Extensions */,
			);
			name = "Embed App Extensions";
			runOnlyForDeploymentPostprocessing = 0;
		};
/* End PBXCopyFilesBuildPhase section */

/* Begin PBXFileReference section */
		5EB78E6103D83D2EFC09DE2B /* Pods_MvvmDemoApp.framework */ = {isa = PBXFileReference; explicitFileType = wrapper.framework; includeInIndex = 0; path = Pods_MvvmDemoApp.framework; sourceTree = BUILT_PRODUCTS_DIR; };
		7539E2C520E91C3B007C53C9 /* UserListViewModel.swift */ = {isa = PBXFileReference; lastKnownFileType = sourcecode.swift; path = UserListViewModel.swift; sourceTree = "<group>"; };
		7539E2C720E94FE9007C53C9 /* UserTableViewCell.swift */ = {isa = PBXFileReference; lastKnownFileType = sourcecode.swift; path = UserTableViewCell.swift; sourceTree = "<group>"; };
		75449EEB20E99FF40029054E /* FirebaseNotificationService.swift */ = {isa = PBXFileReference; lastKnownFileType = sourcecode.swift; path = FirebaseNotificationService.swift; sourceTree = "<group>"; };
		7568CE2720F144280070884F /* MvvmDemoAppTests.xctest */ = {isa = PBXFileReference; explicitFileType = wrapper.cfbundle; includeInIndex = 0; path = MvvmDemoAppTests.xctest; sourceTree = BUILT_PRODUCTS_DIR; };
		7568CE2920F144280070884F /* MvvmDemoAppTests.swift */ = {isa = PBXFileReference; lastKnownFileType = sourcecode.swift; path = MvvmDemoAppTests.swift; sourceTree = "<group>"; };
		7568CE2B20F144280070884F /* Info.plist */ = {isa = PBXFileReference; lastKnownFileType = text.plist.xml; path = Info.plist; sourceTree = "<group>"; };
		757CCD9720E823F600AEF212 /* NotificationService.swift */ = {isa = PBXFileReference; lastKnownFileType = sourcecode.swift; path = NotificationService.swift; sourceTree = "<group>"; };
		757CCD9920E833EB00AEF212 /* MvvmDemoApp.entitlements */ = {isa = PBXFileReference; lastKnownFileType = text.plist.entitlements; path = MvvmDemoApp.entitlements; sourceTree = "<group>"; };
		757CCD9E20E8415500AEF212 /* NotificationServiceExtentsion.appex */ = {isa = PBXFileReference; explicitFileType = "wrapper.app-extension"; includeInIndex = 0; path = NotificationServiceExtentsion.appex; sourceTree = BUILT_PRODUCTS_DIR; };
		757CCDA020E8415600AEF212 /* NotificationService.swift */ = {isa = PBXFileReference; lastKnownFileType = sourcecode.swift; path = NotificationService.swift; sourceTree = "<group>"; };
		757CCDA220E8415600AEF212 /* Info.plist */ = {isa = PBXFileReference; lastKnownFileType = text.plist.xml; path = Info.plist; sourceTree = "<group>"; };
		757CCDAA20E8416500AEF212 /* NotificationServiceExtentsion.entitlements */ = {isa = PBXFileReference; lastKnownFileType = text.plist.entitlements; path = NotificationServiceExtentsion.entitlements; sourceTree = "<group>"; };
		757CCDAD20E8BC8F00AEF212 /* FIRDatabaseService.swift */ = {isa = PBXFileReference; lastKnownFileType = sourcecode.swift; path = FIRDatabaseService.swift; sourceTree = "<group>"; };
		757CCDB120E8E1CE00AEF212 /* WebService.swift */ = {isa = PBXFileReference; lastKnownFileType = sourcecode.swift; path = WebService.swift; sourceTree = "<group>"; };
		757CCDB320E8EBE300AEF212 /* FIRUserManagementService.swift */ = {isa = PBXFileReference; lastKnownFileType = sourcecode.swift; path = FIRUserManagementService.swift; sourceTree = "<group>"; };
		75849C0620E23B22004708F0 /* MvvmDemoApp.app */ = {isa = PBXFileReference; explicitFileType = wrapper.application; includeInIndex = 0; path = MvvmDemoApp.app; sourceTree = BUILT_PRODUCTS_DIR; };
		75849C0920E23B22004708F0 /* AppDelegate.swift */ = {isa = PBXFileReference; lastKnownFileType = sourcecode.swift; path = AppDelegate.swift; sourceTree = "<group>"; };
		75849C0B20E23B22004708F0 /* RegistrationVC.swift */ = {isa = PBXFileReference; lastKnownFileType = sourcecode.swift; path = RegistrationVC.swift; sourceTree = "<group>"; };
		75849C0E20E23B22004708F0 /* Base */ = {isa = PBXFileReference; lastKnownFileType = file.storyboard; name = Base; path = Base.lproj/Main.storyboard; sourceTree = "<group>"; };
		75849C1020E23B24004708F0 /* Assets.xcassets */ = {isa = PBXFileReference; lastKnownFileType = folder.assetcatalog; path = Assets.xcassets; sourceTree = "<group>"; };
		75849C1320E23B24004708F0 /* Base */ = {isa = PBXFileReference; lastKnownFileType = file.storyboard; name = Base; path = Base.lproj/LaunchScreen.storyboard; sourceTree = "<group>"; };
		75849C1520E23B24004708F0 /* Info.plist */ = {isa = PBXFileReference; lastKnownFileType = text.plist.xml; path = Info.plist; sourceTree = "<group>"; };
		75849C2020E24AC9004708F0 /* BindingUITextField.swift */ = {isa = PBXFileReference; lastKnownFileType = sourcecode.swift; path = BindingUITextField.swift; sourceTree = "<group>"; };
		75849C2320E24C58004708F0 /* DynamicType.swift */ = {isa = PBXFileReference; lastKnownFileType = sourcecode.swift; path = DynamicType.swift; sourceTree = "<group>"; };
		75849C2520E25177004708F0 /* RegistrationViewModel.swift */ = {isa = PBXFileReference; lastKnownFileType = sourcecode.swift; path = RegistrationViewModel.swift; sourceTree = "<group>"; };
		75849C2820E252E3004708F0 /* User.swift */ = {isa = PBXFileReference; lastKnownFileType = sourcecode.swift; path = User.swift; sourceTree = "<group>"; };
		75849C2A20E25B48004708F0 /* Repository.swift */ = {isa = PBXFileReference; lastKnownFileType = sourcecode.swift; path = Repository.swift; sourceTree = "<group>"; };
		75849C2C20E351AB004708F0 /* DataService.swift */ = {isa = PBXFileReference; lastKnownFileType = sourcecode.swift; path = DataService.swift; sourceTree = "<group>"; };
		75849C3020E37D1F004708F0 /* RoundUIButton.swift */ = {isa = PBXFileReference; lastKnownFileType = sourcecode.swift; path = RoundUIButton.swift; sourceTree = "<group>"; };
		75849C3220E3A4B1004708F0 /* LoginVC.swift */ = {isa = PBXFileReference; lastKnownFileType = sourcecode.swift; path = LoginVC.swift; sourceTree = "<group>"; };
		75849C3420E3A597004708F0 /* LoginViewModel.swift */ = {isa = PBXFileReference; lastKnownFileType = sourcecode.swift; path = LoginViewModel.swift; sourceTree = "<group>"; };
		75849C3620E3B4D5004708F0 /* UserViewModel.swift */ = {isa = PBXFileReference; lastKnownFileType = sourcecode.swift; path = UserViewModel.swift; sourceTree = "<group>"; };
		75849C3920E3BB68004708F0 /* ValidationUtility.swift */ = {isa = PBXFileReference; lastKnownFileType = sourcecode.swift; path = ValidationUtility.swift; sourceTree = "<group>"; };
		75849C3B20E3C293004708F0 /* RegistrationErrorCode.swift */ = {isa = PBXFileReference; lastKnownFileType = sourcecode.swift; path = RegistrationErrorCode.swift; sourceTree = "<group>"; };
		75849C3D20E3C34C004708F0 /* ErrorMessages.swift */ = {isa = PBXFileReference; lastKnownFileType = sourcecode.swift; path = ErrorMessages.swift; sourceTree = "<group>"; };
		7594ED8720E3E7E200B3238D /* GoogleService-Info.plist */ = {isa = PBXFileReference; fileEncoding = 4; lastKnownFileType = text.plist.xml; path = "GoogleService-Info.plist"; sourceTree = "<group>"; };
		7594ED8920E3F12000B3238D /* AuthenticationService.swift */ = {isa = PBXFileReference; fileEncoding = 4; lastKnownFileType = sourcecode.swift; path = AuthenticationService.swift; sourceTree = "<group>"; };
		7594ED8A20E3F12000B3238D /* RegistrationService.swift */ = {isa = PBXFileReference; fileEncoding = 4; lastKnownFileType = sourcecode.swift; path = RegistrationService.swift; sourceTree = "<group>"; };
		7594ED8B20E3F12000B3238D /* FirebaseHandler.swift */ = {isa = PBXFileReference; fileEncoding = 4; lastKnownFileType = sourcecode.swift; path = FirebaseHandler.swift; sourceTree = "<group>"; };
		7594ED8F20E4198F00B3238D /* LoginErrorCode.swift */ = {isa = PBXFileReference; lastKnownFileType = sourcecode.swift; path = LoginErrorCode.swift; sourceTree = "<group>"; };
		7594ED9120E4206F00B3238D /* AlertControllerService.swift */ = {isa = PBXFileReference; lastKnownFileType = sourcecode.swift; path = AlertControllerService.swift; sourceTree = "<group>"; };
		7594ED9320E4CA2F00B3238D /* UserListVC.swift */ = {isa = PBXFileReference; lastKnownFileType = sourcecode.swift; path = UserListVC.swift; sourceTree = "<group>"; };
		B61F96518776BFF2EA91974D /* Pods_MvvmDemoAppTests.framework */ = {isa = PBXFileReference; explicitFileType = wrapper.framework; includeInIndex = 0; path = Pods_MvvmDemoAppTests.framework; sourceTree = BUILT_PRODUCTS_DIR; };
		B928790D747A8A10F78A31A3 /* Pods-MvvmDemoApp.release.xcconfig */ = {isa = PBXFileReference; includeInIndex = 1; lastKnownFileType = text.xcconfig; name = "Pods-MvvmDemoApp.release.xcconfig"; path = "Pods/Target Support Files/Pods-MvvmDemoApp/Pods-MvvmDemoApp.release.xcconfig"; sourceTree = "<group>"; };
		C8B8092339BF629FAE156B8F /* Pods-MvvmDemoAppTests.debug.xcconfig */ = {isa = PBXFileReference; includeInIndex = 1; lastKnownFileType = text.xcconfig; name = "Pods-MvvmDemoAppTests.debug.xcconfig"; path = "Pods/Target Support Files/Pods-MvvmDemoAppTests/Pods-MvvmDemoAppTests.debug.xcconfig"; sourceTree = "<group>"; };
		D2995AD95D140EB6EDAA47A6 /* Pods-MvvmDemoAppTests.release.xcconfig */ = {isa = PBXFileReference; includeInIndex = 1; lastKnownFileType = text.xcconfig; name = "Pods-MvvmDemoAppTests.release.xcconfig"; path = "Pods/Target Support Files/Pods-MvvmDemoAppTests/Pods-MvvmDemoAppTests.release.xcconfig"; sourceTree = "<group>"; };
		E40CC5C834F0DCB4432EE422 /* Pods-MvvmDemoApp.debug.xcconfig */ = {isa = PBXFileReference; includeInIndex = 1; lastKnownFileType = text.xcconfig; name = "Pods-MvvmDemoApp.debug.xcconfig"; path = "Pods/Target Support Files/Pods-MvvmDemoApp/Pods-MvvmDemoApp.debug.xcconfig"; sourceTree = "<group>"; };
/* End PBXFileReference section */

/* Begin PBXFrameworksBuildPhase section */
		7568CE2420F144280070884F /* Frameworks */ = {
			isa = PBXFrameworksBuildPhase;
			buildActionMask = 2147483647;
			files = (
				195A34FDCFC6BB0809C327D6 /* Pods_MvvmDemoAppTests.framework in Frameworks */,
			);
			runOnlyForDeploymentPostprocessing = 0;
		};
		757CCD9B20E8415500AEF212 /* Frameworks */ = {
			isa = PBXFrameworksBuildPhase;
			buildActionMask = 2147483647;
			files = (
			);
			runOnlyForDeploymentPostprocessing = 0;
		};
		75849C0320E23B22004708F0 /* Frameworks */ = {
			isa = PBXFrameworksBuildPhase;
			buildActionMask = 2147483647;
			files = (
				BB68DEF5CE3E055BB9F117E6 /* Pods_MvvmDemoApp.framework in Frameworks */,
			);
			runOnlyForDeploymentPostprocessing = 0;
		};
/* End PBXFrameworksBuildPhase section */

/* Begin PBXGroup section */
		2A6AEE65217E0DF677C494BF /* Frameworks */ = {
			isa = PBXGroup;
			children = (
				5EB78E6103D83D2EFC09DE2B /* Pods_MvvmDemoApp.framework */,
				B61F96518776BFF2EA91974D /* Pods_MvvmDemoAppTests.framework */,
			);
			name = Frameworks;
			sourceTree = "<group>";
		};
		7568CE2820F144280070884F /* MvvmDemoAppTests */ = {
			isa = PBXGroup;
			children = (
				7568CE2920F144280070884F /* MvvmDemoAppTests.swift */,
				7568CE2B20F144280070884F /* Info.plist */,
			);
			path = MvvmDemoAppTests;
			sourceTree = "<group>";
		};
		757CCD9F20E8415600AEF212 /* NotificationServiceExtentsion */ = {
			isa = PBXGroup;
			children = (
				757CCDAA20E8416500AEF212 /* NotificationServiceExtentsion.entitlements */,
				757CCDA020E8415600AEF212 /* NotificationService.swift */,
				757CCDA220E8415600AEF212 /* Info.plist */,
			);
			path = NotificationServiceExtentsion;
			sourceTree = "<group>";
		};
		757CCDAB20E8B60C00AEF212 /* Services */ = {
			isa = PBXGroup;
			children = (
				7594ED8B20E3F12000B3238D /* FirebaseHandler.swift */,
				757CCDAD20E8BC8F00AEF212 /* FIRDatabaseService.swift */,
				757CCDB320E8EBE300AEF212 /* FIRUserManagementService.swift */,
				75449EEB20E99FF40029054E /* FirebaseNotificationService.swift */,
			);
			path = Services;
			sourceTree = "<group>";
		};
		757CCDAC20E8B62000AEF212 /* DeviceServices */ = {
			isa = PBXGroup;
			children = (
				7594ED9120E4206F00B3238D /* AlertControllerService.swift */,
				757CCD9720E823F600AEF212 /* NotificationService.swift */,
			);
			path = DeviceServices;
			sourceTree = "<group>";
		};
		757CCDAF20E8C2E700AEF212 /* Firebase */ = {
			isa = PBXGroup;
			children = (
				757CCDAB20E8B60C00AEF212 /* Services */,
			);
			path = Firebase;
			sourceTree = "<group>";
		};
		757CCDB020E8E1BF00AEF212 /* WebService */ = {
			isa = PBXGroup;
			children = (
				75849C2C20E351AB004708F0 /* DataService.swift */,
				7594ED8920E3F12000B3238D /* AuthenticationService.swift */,
				7594ED8A20E3F12000B3238D /* RegistrationService.swift */,
				757CCDB120E8E1CE00AEF212 /* WebService.swift */,
			);
			path = WebService;
			sourceTree = "<group>";
		};
		75849BFD20E23B22004708F0 = {
			isa = PBXGroup;
			children = (
				75849C0820E23B22004708F0 /* MvvmDemoApp */,
				757CCD9F20E8415600AEF212 /* NotificationServiceExtentsion */,
				7568CE2820F144280070884F /* MvvmDemoAppTests */,
				75849C0720E23B22004708F0 /* Products */,
				AC1FC89A5865BD024BB6314F /* Pods */,
				2A6AEE65217E0DF677C494BF /* Frameworks */,
			);
			sourceTree = "<group>";
		};
		75849C0720E23B22004708F0 /* Products */ = {
			isa = PBXGroup;
			children = (
				75849C0620E23B22004708F0 /* MvvmDemoApp.app */,
				757CCD9E20E8415500AEF212 /* NotificationServiceExtentsion.appex */,
				7568CE2720F144280070884F /* MvvmDemoAppTests.xctest */,
			);
			name = Products;
			sourceTree = "<group>";
		};
		75849C0820E23B22004708F0 /* MvvmDemoApp */ = {
			isa = PBXGroup;
			children = (
				757CCD9920E833EB00AEF212 /* MvvmDemoApp.entitlements */,
				7594ED8720E3E7E200B3238D /* GoogleService-Info.plist */,
				75849C3820E3BB54004708F0 /* Utility */,
				75849C2720E252D9004708F0 /* Model */,
				75849C2220E24C42004708F0 /* Shared */,
				75849C1F20E24A15004708F0 /* DataSource */,
				75849C1E20E24A0B004708F0 /* ViewModel */,
				75849C1D20E24A05004708F0 /* View */,
				75849C1C20E249FD004708F0 /* Services */,
				75849C1B20E249F6004708F0 /* Controller */,
				757CCDAF20E8C2E700AEF212 /* Firebase */,
				75849C0920E23B22004708F0 /* AppDelegate.swift */,
				75849C0D20E23B22004708F0 /* Main.storyboard */,
				75849C1020E23B24004708F0 /* Assets.xcassets */,
				75849C1220E23B24004708F0 /* LaunchScreen.storyboard */,
				75849C1520E23B24004708F0 /* Info.plist */,
			);
			path = MvvmDemoApp;
			sourceTree = "<group>";
		};
		75849C1B20E249F6004708F0 /* Controller */ = {
			isa = PBXGroup;
			children = (
				75849C0B20E23B22004708F0 /* RegistrationVC.swift */,
				75849C3220E3A4B1004708F0 /* LoginVC.swift */,
				7594ED9320E4CA2F00B3238D /* UserListVC.swift */,
			);
			path = Controller;
			sourceTree = "<group>";
		};
		75849C1C20E249FD004708F0 /* Services */ = {
			isa = PBXGroup;
			children = (
				757CCDB020E8E1BF00AEF212 /* WebService */,
				757CCDAC20E8B62000AEF212 /* DeviceServices */,
			);
			path = Services;
			sourceTree = "<group>";
		};
		75849C1D20E24A05004708F0 /* View */ = {
			isa = PBXGroup;
			children = (
				75849C2020E24AC9004708F0 /* BindingUITextField.swift */,
				75849C3020E37D1F004708F0 /* RoundUIButton.swift */,
				7539E2C720E94FE9007C53C9 /* UserTableViewCell.swift */,
			);
			path = View;
			sourceTree = "<group>";
		};
		75849C1E20E24A0B004708F0 /* ViewModel */ = {
			isa = PBXGroup;
			children = (
				75849C2520E25177004708F0 /* RegistrationViewModel.swift */,
				75849C3420E3A597004708F0 /* LoginViewModel.swift */,
				75849C3620E3B4D5004708F0 /* UserViewModel.swift */,
				7539E2C520E91C3B007C53C9 /* UserListViewModel.swift */,
			);
			path = ViewModel;
			sourceTree = "<group>";
		};
		75849C1F20E24A15004708F0 /* DataSource */ = {
			isa = PBXGroup;
			children = (
				75849C2A20E25B48004708F0 /* Repository.swift */,
			);
			path = DataSource;
			sourceTree = "<group>";
		};
		75849C2220E24C42004708F0 /* Shared */ = {
			isa = PBXGroup;
			children = (
				75849C2320E24C58004708F0 /* DynamicType.swift */,
				75849C3B20E3C293004708F0 /* RegistrationErrorCode.swift */,
				75849C3D20E3C34C004708F0 /* ErrorMessages.swift */,
				7594ED8F20E4198F00B3238D /* LoginErrorCode.swift */,
			);
			path = Shared;
			sourceTree = "<group>";
		};
		75849C2720E252D9004708F0 /* Model */ = {
			isa = PBXGroup;
			children = (
				75849C2820E252E3004708F0 /* User.swift */,
			);
			path = Model;
			sourceTree = "<group>";
		};
		75849C3820E3BB54004708F0 /* Utility */ = {
			isa = PBXGroup;
			children = (
				75849C3920E3BB68004708F0 /* ValidationUtility.swift */,
			);
			path = Utility;
			sourceTree = "<group>";
		};
		AC1FC89A5865BD024BB6314F /* Pods */ = {
			isa = PBXGroup;
			children = (
				E40CC5C834F0DCB4432EE422 /* Pods-MvvmDemoApp.debug.xcconfig */,
				B928790D747A8A10F78A31A3 /* Pods-MvvmDemoApp.release.xcconfig */,
				C8B8092339BF629FAE156B8F /* Pods-MvvmDemoAppTests.debug.xcconfig */,
				D2995AD95D140EB6EDAA47A6 /* Pods-MvvmDemoAppTests.release.xcconfig */,
			);
			name = Pods;
			sourceTree = "<group>";
		};
/* End PBXGroup section */

/* Begin PBXNativeTarget section */
		7568CE2620F144280070884F /* MvvmDemoAppTests */ = {
			isa = PBXNativeTarget;
			buildConfigurationList = 7568CE2E20F144280070884F /* Build configuration list for PBXNativeTarget "MvvmDemoAppTests" */;
			buildPhases = (
				2C5045D405D5694BA83EDEA6 /* [CP] Check Pods Manifest.lock */,
				7568CE2320F144280070884F /* Sources */,
				7568CE2420F144280070884F /* Frameworks */,
				7568CE2520F144280070884F /* Resources */,
				8294C2C7D6C936B6690BFB2A /* [CP] Embed Pods Frameworks */,
			);
			buildRules = (
			);
			dependencies = (
				7568CE2D20F144280070884F /* PBXTargetDependency */,
			);
			name = MvvmDemoAppTests;
			productName = MvvmDemoAppTests;
			productReference = 7568CE2720F144280070884F /* MvvmDemoAppTests.xctest */;
			productType = "com.apple.product-type.bundle.unit-test";
		};
		757CCD9D20E8415500AEF212 /* NotificationServiceExtentsion */ = {
			isa = PBXNativeTarget;
			buildConfigurationList = 757CCDA620E8415600AEF212 /* Build configuration list for PBXNativeTarget "NotificationServiceExtentsion" */;
			buildPhases = (
				757CCD9A20E8415500AEF212 /* Sources */,
				757CCD9B20E8415500AEF212 /* Frameworks */,
				757CCD9C20E8415500AEF212 /* Resources */,
			);
			buildRules = (
			);
			dependencies = (
			);
			name = NotificationServiceExtentsion;
			productName = NotificationServiceExtentsion;
			productReference = 757CCD9E20E8415500AEF212 /* NotificationServiceExtentsion.appex */;
			productType = "com.apple.product-type.app-extension";
		};
		75849C0520E23B22004708F0 /* MvvmDemoApp */ = {
			isa = PBXNativeTarget;
			buildConfigurationList = 75849C1820E23B24004708F0 /* Build configuration list for PBXNativeTarget "MvvmDemoApp" */;
			buildPhases = (
				C17A62374C26ED85CCEBFEEA /* [CP] Check Pods Manifest.lock */,
				75849C0220E23B22004708F0 /* Sources */,
				75849C0320E23B22004708F0 /* Frameworks */,
				75849C0420E23B22004708F0 /* Resources */,
				CA8E8B243922EC96F4B94FF4 /* [CP] Embed Pods Frameworks */,
				757CCDA920E8415600AEF212 /* Embed App Extensions */,
			);
			buildRules = (
			);
			dependencies = (
				757CCDA420E8415600AEF212 /* PBXTargetDependency */,
			);
			name = MvvmDemoApp;
			productName = MvvmDemoApp;
			productReference = 75849C0620E23B22004708F0 /* MvvmDemoApp.app */;
			productType = "com.apple.product-type.application";
		};
/* End PBXNativeTarget section */

/* Begin PBXProject section */
		75849BFE20E23B22004708F0 /* Project object */ = {
			isa = PBXProject;
			attributes = {
				LastSwiftUpdateCheck = 0940;
				LastUpgradeCheck = 0940;
				ORGANIZATIONNAME = dawbrack;
				TargetAttributes = {
					7568CE2620F144280070884F = {
						CreatedOnToolsVersion = 9.4.1;
						TestTargetID = 75849C0520E23B22004708F0;
					};
					757CCD9D20E8415500AEF212 = {
						CreatedOnToolsVersion = 9.4.1;
						SystemCapabilities = {
							com.apple.Push = {
								enabled = 1;
							};
						};
					};
					75849C0520E23B22004708F0 = {
						CreatedOnToolsVersion = 9.4.1;
						SystemCapabilities = {
							com.apple.BackgroundModes = {
								enabled = 1;
							};
							com.apple.Push = {
								enabled = 1;
							};
						};
					};
				};
			};
			buildConfigurationList = 75849C0120E23B22004708F0 /* Build configuration list for PBXProject "MvvmDemoApp" */;
			compatibilityVersion = "Xcode 9.3";
			developmentRegion = en;
			hasScannedForEncodings = 0;
			knownRegions = (
				en,
				Base,
			);
			mainGroup = 75849BFD20E23B22004708F0;
			productRefGroup = 75849C0720E23B22004708F0 /* Products */;
			projectDirPath = "";
			projectRoot = "";
			targets = (
				75849C0520E23B22004708F0 /* MvvmDemoApp */,
				757CCD9D20E8415500AEF212 /* NotificationServiceExtentsion */,
				7568CE2620F144280070884F /* MvvmDemoAppTests */,
			);
		};
/* End PBXProject section */

/* Begin PBXResourcesBuildPhase section */
		7568CE2520F144280070884F /* Resources */ = {
			isa = PBXResourcesBuildPhase;
			buildActionMask = 2147483647;
			files = (
			);
			runOnlyForDeploymentPostprocessing = 0;
		};
		757CCD9C20E8415500AEF212 /* Resources */ = {
			isa = PBXResourcesBuildPhase;
			buildActionMask = 2147483647;
			files = (
			);
			runOnlyForDeploymentPostprocessing = 0;
		};
		75849C0420E23B22004708F0 /* Resources */ = {
			isa = PBXResourcesBuildPhase;
			buildActionMask = 2147483647;
			files = (
				75849C1420E23B24004708F0 /* LaunchScreen.storyboard in Resources */,
				7594ED8820E3E7E200B3238D /* GoogleService-Info.plist in Resources */,
				75849C1120E23B24004708F0 /* Assets.xcassets in Resources */,
				75849C0F20E23B22004708F0 /* Main.storyboard in Resources */,
			);
			runOnlyForDeploymentPostprocessing = 0;
		};
/* End PBXResourcesBuildPhase section */

/* Begin PBXShellScriptBuildPhase section */
		2C5045D405D5694BA83EDEA6 /* [CP] Check Pods Manifest.lock */ = {
			isa = PBXShellScriptBuildPhase;
			buildActionMask = 2147483647;
			files = (
			);
			inputPaths = (
				"${PODS_PODFILE_DIR_PATH}/Podfile.lock",
				"${PODS_ROOT}/Manifest.lock",
			);
			name = "[CP] Check Pods Manifest.lock";
			outputPaths = (
				"$(DERIVED_FILE_DIR)/Pods-MvvmDemoAppTests-checkManifestLockResult.txt",
			);
			runOnlyForDeploymentPostprocessing = 0;
			shellPath = /bin/sh;
			shellScript = "diff \"${PODS_PODFILE_DIR_PATH}/Podfile.lock\" \"${PODS_ROOT}/Manifest.lock\" > /dev/null\nif [ $? != 0 ] ; then\n    # print error to STDERR\n    echo \"error: The sandbox is not in sync with the Podfile.lock. Run 'pod install' or update your CocoaPods installation.\" >&2\n    exit 1\nfi\n# This output is used by Xcode 'outputs' to avoid re-running this script phase.\necho \"SUCCESS\" > \"${SCRIPT_OUTPUT_FILE_0}\"\n";
			showEnvVarsInLog = 0;
		};
		8294C2C7D6C936B6690BFB2A /* [CP] Embed Pods Frameworks */ = {
			isa = PBXShellScriptBuildPhase;
			buildActionMask = 2147483647;
			files = (
			);
			inputPaths = (
				"${SRCROOT}/Pods/Target Support Files/Pods-MvvmDemoAppTests/Pods-MvvmDemoAppTests-frameworks.sh",
				"${BUILT_PRODUCTS_DIR}/GTMSessionFetcher-iOS11.4/GTMSessionFetcher.framework",
				"${BUILT_PRODUCTS_DIR}/GoogleToolboxForMac-iOS11.4/GoogleToolboxForMac.framework",
				"${BUILT_PRODUCTS_DIR}/IQKeyboardManagerSwift-iOS11.4/IQKeyboardManagerSwift.framework",
				"${BUILT_PRODUCTS_DIR}/Protobuf-iOS11.4/Protobuf.framework",
				"${BUILT_PRODUCTS_DIR}/SwiftKeychainWrapper-iOS11.4/SwiftKeychainWrapper.framework",
				"${BUILT_PRODUCTS_DIR}/leveldb-library-iOS11.4/leveldb.framework",
				"${BUILT_PRODUCTS_DIR}/nanopb-iOS11.4/nanopb.framework",
			);
			name = "[CP] Embed Pods Frameworks";
			outputPaths = (
				"${TARGET_BUILD_DIR}/${FRAMEWORKS_FOLDER_PATH}/GTMSessionFetcher.framework",
				"${TARGET_BUILD_DIR}/${FRAMEWORKS_FOLDER_PATH}/GoogleToolboxForMac.framework",
				"${TARGET_BUILD_DIR}/${FRAMEWORKS_FOLDER_PATH}/IQKeyboardManagerSwift.framework",
				"${TARGET_BUILD_DIR}/${FRAMEWORKS_FOLDER_PATH}/Protobuf.framework",
				"${TARGET_BUILD_DIR}/${FRAMEWORKS_FOLDER_PATH}/SwiftKeychainWrapper.framework",
				"${TARGET_BUILD_DIR}/${FRAMEWORKS_FOLDER_PATH}/leveldb.framework",
				"${TARGET_BUILD_DIR}/${FRAMEWORKS_FOLDER_PATH}/nanopb.framework",
			);
			runOnlyForDeploymentPostprocessing = 0;
			shellPath = /bin/sh;
			shellScript = "\"${SRCROOT}/Pods/Target Support Files/Pods-MvvmDemoAppTests/Pods-MvvmDemoAppTests-frameworks.sh\"\n";
			showEnvVarsInLog = 0;
		};
		C17A62374C26ED85CCEBFEEA /* [CP] Check Pods Manifest.lock */ = {
			isa = PBXShellScriptBuildPhase;
			buildActionMask = 2147483647;
			files = (
			);
			inputPaths = (
				"${PODS_PODFILE_DIR_PATH}/Podfile.lock",
				"${PODS_ROOT}/Manifest.lock",
			);
			name = "[CP] Check Pods Manifest.lock";
			outputPaths = (
				"$(DERIVED_FILE_DIR)/Pods-MvvmDemoApp-checkManifestLockResult.txt",
			);
			runOnlyForDeploymentPostprocessing = 0;
			shellPath = /bin/sh;
			shellScript = "diff \"${PODS_PODFILE_DIR_PATH}/Podfile.lock\" \"${PODS_ROOT}/Manifest.lock\" > /dev/null\nif [ $? != 0 ] ; then\n    # print error to STDERR\n    echo \"error: The sandbox is not in sync with the Podfile.lock. Run 'pod install' or update your CocoaPods installation.\" >&2\n    exit 1\nfi\n# This output is used by Xcode 'outputs' to avoid re-running this script phase.\necho \"SUCCESS\" > \"${SCRIPT_OUTPUT_FILE_0}\"\n";
			showEnvVarsInLog = 0;
		};
		CA8E8B243922EC96F4B94FF4 /* [CP] Embed Pods Frameworks */ = {
			isa = PBXShellScriptBuildPhase;
			buildActionMask = 2147483647;
			files = (
			);
			inputPaths = (
				"${SRCROOT}/Pods/Target Support Files/Pods-MvvmDemoApp/Pods-MvvmDemoApp-frameworks.sh",
				"${BUILT_PRODUCTS_DIR}/GTMSessionFetcher-iOS11.0/GTMSessionFetcher.framework",
				"${BUILT_PRODUCTS_DIR}/GoogleToolboxForMac-iOS11.0/GoogleToolboxForMac.framework",
				"${BUILT_PRODUCTS_DIR}/IQKeyboardManagerSwift-iOS11.0/IQKeyboardManagerSwift.framework",
				"${BUILT_PRODUCTS_DIR}/Protobuf-iOS11.0/Protobuf.framework",
				"${BUILT_PRODUCTS_DIR}/SwiftKeychainWrapper-iOS11.0/SwiftKeychainWrapper.framework",
				"${BUILT_PRODUCTS_DIR}/leveldb-library-iOS11.0/leveldb.framework",
				"${BUILT_PRODUCTS_DIR}/nanopb-iOS11.0/nanopb.framework",
			);
			name = "[CP] Embed Pods Frameworks";
			outputPaths = (
				"${TARGET_BUILD_DIR}/${FRAMEWORKS_FOLDER_PATH}/GTMSessionFetcher.framework",
				"${TARGET_BUILD_DIR}/${FRAMEWORKS_FOLDER_PATH}/GoogleToolboxForMac.framework",
				"${TARGET_BUILD_DIR}/${FRAMEWORKS_FOLDER_PATH}/IQKeyboardManagerSwift.framework",
				"${TARGET_BUILD_DIR}/${FRAMEWORKS_FOLDER_PATH}/Protobuf.framework",
				"${TARGET_BUILD_DIR}/${FRAMEWORKS_FOLDER_PATH}/SwiftKeychainWrapper.framework",
				"${TARGET_BUILD_DIR}/${FRAMEWORKS_FOLDER_PATH}/leveldb.framework",
				"${TARGET_BUILD_DIR}/${FRAMEWORKS_FOLDER_PATH}/nanopb.framework",
			);
			runOnlyForDeploymentPostprocessing = 0;
			shellPath = /bin/sh;
			shellScript = "\"${SRCROOT}/Pods/Target Support Files/Pods-MvvmDemoApp/Pods-MvvmDemoApp-frameworks.sh\"\n";
			showEnvVarsInLog = 0;
		};
/* End PBXShellScriptBuildPhase section */

/* Begin PBXSourcesBuildPhase section */
		7568CE2320F144280070884F /* Sources */ = {
			isa = PBXSourcesBuildPhase;
			buildActionMask = 2147483647;
			files = (
				7568CE2A20F144280070884F /* MvvmDemoAppTests.swift in Sources */,
			);
			runOnlyForDeploymentPostprocessing = 0;
		};
		757CCD9A20E8415500AEF212 /* Sources */ = {
			isa = PBXSourcesBuildPhase;
			buildActionMask = 2147483647;
			files = (
				757CCDA120E8415600AEF212 /* NotificationService.swift in Sources */,
			);
			runOnlyForDeploymentPostprocessing = 0;
		};
		75849C0220E23B22004708F0 /* Sources */ = {
			isa = PBXSourcesBuildPhase;
			buildActionMask = 2147483647;
			files = (
				75849C3A20E3BB68004708F0 /* ValidationUtility.swift in Sources */,
				7539E2C820E94FE9007C53C9 /* UserTableViewCell.swift in Sources */,
				7594ED9420E4CA2F00B3238D /* UserListVC.swift in Sources */,
				757CCDB220E8E1CE00AEF212 /* WebService.swift in Sources */,
				7594ED8D20E3F12000B3238D /* RegistrationService.swift in Sources */,
				75849C3120E37D1F004708F0 /* RoundUIButton.swift in Sources */,
				75849C3720E3B4D5004708F0 /* UserViewModel.swift in Sources */,
				75849C2620E25177004708F0 /* RegistrationViewModel.swift in Sources */,
				75849C3520E3A597004708F0 /* LoginViewModel.swift in Sources */,
				75849C0C20E23B22004708F0 /* RegistrationVC.swift in Sources */,
				7539E2C620E91C3B007C53C9 /* UserListViewModel.swift in Sources */,
				757CCDAE20E8BC8F00AEF212 /* FIRDatabaseService.swift in Sources */,
				7594ED8E20E3F12000B3238D /* FirebaseHandler.swift in Sources */,
				757CCDB420E8EBE300AEF212 /* FIRUserManagementService.swift in Sources */,
				7594ED9220E4206F00B3238D /* AlertControllerService.swift in Sources */,
				75849C2920E252E3004708F0 /* User.swift in Sources */,
				7594ED8C20E3F12000B3238D /* AuthenticationService.swift in Sources */,
				757CCD9820E823F600AEF212 /* NotificationService.swift in Sources */,
				75849C3320E3A4B1004708F0 /* LoginVC.swift in Sources */,
				75849C3E20E3C34C004708F0 /* ErrorMessages.swift in Sources */,
				75849C0A20E23B22004708F0 /* AppDelegate.swift in Sources */,
				75849C2120E24AC9004708F0 /* BindingUITextField.swift in Sources */,
				75849C3C20E3C293004708F0 /* RegistrationErrorCode.swift in Sources */,
				75449EEC20E99FF40029054E /* FirebaseNotificationService.swift in Sources */,
				75849C2420E24C58004708F0 /* DynamicType.swift in Sources */,
				75849C2B20E25B48004708F0 /* Repository.swift in Sources */,
				75849C2D20E351AB004708F0 /* DataService.swift in Sources */,
				7594ED9020E4198F00B3238D /* LoginErrorCode.swift in Sources */,
			);
			runOnlyForDeploymentPostprocessing = 0;
		};
/* End PBXSourcesBuildPhase section */

/* Begin PBXTargetDependency section */
		7568CE2D20F144280070884F /* PBXTargetDependency */ = {
			isa = PBXTargetDependency;
			target = 75849C0520E23B22004708F0 /* MvvmDemoApp */;
			targetProxy = 7568CE2C20F144280070884F /* PBXContainerItemProxy */;
		};
		757CCDA420E8415600AEF212 /* PBXTargetDependency */ = {
			isa = PBXTargetDependency;
			target = 757CCD9D20E8415500AEF212 /* NotificationServiceExtentsion */;
			targetProxy = 757CCDA320E8415600AEF212 /* PBXContainerItemProxy */;
		};
/* End PBXTargetDependency section */

/* Begin PBXVariantGroup section */
		75849C0D20E23B22004708F0 /* Main.storyboard */ = {
			isa = PBXVariantGroup;
			children = (
				75849C0E20E23B22004708F0 /* Base */,
			);
			name = Main.storyboard;
			sourceTree = "<group>";
		};
		75849C1220E23B24004708F0 /* LaunchScreen.storyboard */ = {
			isa = PBXVariantGroup;
			children = (
				75849C1320E23B24004708F0 /* Base */,
			);
			name = LaunchScreen.storyboard;
			sourceTree = "<group>";
		};
/* End PBXVariantGroup section */

/* Begin XCBuildConfiguration section */
		7568CE2F20F144280070884F /* Debug */ = {
			isa = XCBuildConfiguration;
			baseConfigurationReference = C8B8092339BF629FAE156B8F /* Pods-MvvmDemoAppTests.debug.xcconfig */;
			buildSettings = {
				BUNDLE_LOADER = "$(TEST_HOST)";
				CODE_SIGN_STYLE = Automatic;
				DEVELOPMENT_TEAM = 64KGZ4D3NY;
				INFOPLIST_FILE = MvvmDemoAppTests/Info.plist;
				LD_RUNPATH_SEARCH_PATHS = "$(inherited) @executable_path/Frameworks @loader_path/Frameworks";
				PRODUCT_BUNDLE_IDENTIFIER = com.dawbrack.com.MvvmDemoAppTests;
				PRODUCT_NAME = "$(TARGET_NAME)";
				SWIFT_VERSION = 4.0;
				TARGETED_DEVICE_FAMILY = "1,2";
				TEST_HOST = "$(BUILT_PRODUCTS_DIR)/MvvmDemoApp.app/MvvmDemoApp";
			};
			name = Debug;
		};
		7568CE3020F144280070884F /* Release */ = {
			isa = XCBuildConfiguration;
			baseConfigurationReference = D2995AD95D140EB6EDAA47A6 /* Pods-MvvmDemoAppTests.release.xcconfig */;
			buildSettings = {
				BUNDLE_LOADER = "$(TEST_HOST)";
				CODE_SIGN_STYLE = Automatic;
				DEVELOPMENT_TEAM = 64KGZ4D3NY;
				INFOPLIST_FILE = MvvmDemoAppTests/Info.plist;
				LD_RUNPATH_SEARCH_PATHS = "$(inherited) @executable_path/Frameworks @loader_path/Frameworks";
				PRODUCT_BUNDLE_IDENTIFIER = com.dawbrack.com.MvvmDemoAppTests;
				PRODUCT_NAME = "$(TARGET_NAME)";
				SWIFT_VERSION = 4.0;
				TARGETED_DEVICE_FAMILY = "1,2";
				TEST_HOST = "$(BUILT_PRODUCTS_DIR)/MvvmDemoApp.app/MvvmDemoApp";
			};
			name = Release;
		};
		757CCDA720E8415600AEF212 /* Debug */ = {
			isa = XCBuildConfiguration;
			buildSettings = {
				CODE_SIGN_ENTITLEMENTS = NotificationServiceExtentsion/NotificationServiceExtentsion.entitlements;
				CODE_SIGN_STYLE = Automatic;
				DEVELOPMENT_TEAM = 64KGZ4D3NY;
				INFOPLIST_FILE = NotificationServiceExtentsion/Info.plist;
				LD_RUNPATH_SEARCH_PATHS = "$(inherited) @executable_path/Frameworks @executable_path/../../Frameworks";
				PRODUCT_BUNDLE_IDENTIFIER = com.dawbrack.com.MvvmDemoApp.NotificationServiceExtentsion;
				PRODUCT_NAME = "$(TARGET_NAME)";
				SKIP_INSTALL = YES;
				SWIFT_VERSION = 4.0;
				TARGETED_DEVICE_FAMILY = "1,2";
			};
			name = Debug;
		};
		757CCDA820E8415600AEF212 /* Release */ = {
			isa = XCBuildConfiguration;
			buildSettings = {
				CODE_SIGN_ENTITLEMENTS = NotificationServiceExtentsion/NotificationServiceExtentsion.entitlements;
				CODE_SIGN_STYLE = Automatic;
				DEVELOPMENT_TEAM = 64KGZ4D3NY;
				INFOPLIST_FILE = NotificationServiceExtentsion/Info.plist;
				LD_RUNPATH_SEARCH_PATHS = "$(inherited) @executable_path/Frameworks @executable_path/../../Frameworks";
				PRODUCT_BUNDLE_IDENTIFIER = com.dawbrack.com.MvvmDemoApp.NotificationServiceExtentsion;
				PRODUCT_NAME = "$(TARGET_NAME)";
				SKIP_INSTALL = YES;
				SWIFT_VERSION = 4.0;
				TARGETED_DEVICE_FAMILY = "1,2";
			};
			name = Release;
		};
		75849C1620E23B24004708F0 /* Debug */ = {
			isa = XCBuildConfiguration;
			buildSettings = {
				ALWAYS_SEARCH_USER_PATHS = NO;
				CLANG_ANALYZER_NONNULL = YES;
				CLANG_ANALYZER_NUMBER_OBJECT_CONVERSION = YES_AGGRESSIVE;
				CLANG_CXX_LANGUAGE_STANDARD = "gnu++14";
				CLANG_CXX_LIBRARY = "libc++";
				CLANG_ENABLE_MODULES = YES;
				CLANG_ENABLE_OBJC_ARC = YES;
				CLANG_ENABLE_OBJC_WEAK = YES;
				CLANG_WARN_BLOCK_CAPTURE_AUTORELEASING = YES;
				CLANG_WARN_BOOL_CONVERSION = YES;
				CLANG_WARN_COMMA = YES;
				CLANG_WARN_CONSTANT_CONVERSION = YES;
				CLANG_WARN_DEPRECATED_OBJC_IMPLEMENTATIONS = YES;
				CLANG_WARN_DIRECT_OBJC_ISA_USAGE = YES_ERROR;
				CLANG_WARN_DOCUMENTATION_COMMENTS = YES;
				CLANG_WARN_EMPTY_BODY = YES;
				CLANG_WARN_ENUM_CONVERSION = YES;
				CLANG_WARN_INFINITE_RECURSION = YES;
				CLANG_WARN_INT_CONVERSION = YES;
				CLANG_WARN_NON_LITERAL_NULL_CONVERSION = YES;
				CLANG_WARN_OBJC_IMPLICIT_RETAIN_SELF = YES;
				CLANG_WARN_OBJC_LITERAL_CONVERSION = YES;
				CLANG_WARN_OBJC_ROOT_CLASS = YES_ERROR;
				CLANG_WARN_RANGE_LOOP_ANALYSIS = YES;
				CLANG_WARN_STRICT_PROTOTYPES = YES;
				CLANG_WARN_SUSPICIOUS_MOVE = YES;
				CLANG_WARN_UNGUARDED_AVAILABILITY = YES_AGGRESSIVE;
				CLANG_WARN_UNREACHABLE_CODE = YES;
				CLANG_WARN__DUPLICATE_METHOD_MATCH = YES;
				CODE_SIGN_IDENTITY = "iPhone Developer";
				COPY_PHASE_STRIP = NO;
				DEBUG_INFORMATION_FORMAT = dwarf;
				ENABLE_STRICT_OBJC_MSGSEND = YES;
				ENABLE_TESTABILITY = YES;
				GCC_C_LANGUAGE_STANDARD = gnu11;
				GCC_DYNAMIC_NO_PIC = NO;
				GCC_NO_COMMON_BLOCKS = YES;
				GCC_OPTIMIZATION_LEVEL = 0;
				GCC_PREPROCESSOR_DEFINITIONS = (
					"DEBUG=1",
					"$(inherited)",
				);
				GCC_WARN_64_TO_32_BIT_CONVERSION = YES;
				GCC_WARN_ABOUT_RETURN_TYPE = YES_ERROR;
				GCC_WARN_UNDECLARED_SELECTOR = YES;
				GCC_WARN_UNINITIALIZED_AUTOS = YES_AGGRESSIVE;
				GCC_WARN_UNUSED_FUNCTION = YES;
				GCC_WARN_UNUSED_VARIABLE = YES;
				IPHONEOS_DEPLOYMENT_TARGET = 11.4;
				MTL_ENABLE_DEBUG_INFO = YES;
				ONLY_ACTIVE_ARCH = YES;
				SDKROOT = iphoneos;
				SWIFT_ACTIVE_COMPILATION_CONDITIONS = DEBUG;
				SWIFT_OPTIMIZATION_LEVEL = "-Onone";
			};
			name = Debug;
		};
		75849C1720E23B24004708F0 /* Release */ = {
			isa = XCBuildConfiguration;
			buildSettings = {
				ALWAYS_SEARCH_USER_PATHS = NO;
				CLANG_ANALYZER_NONNULL = YES;
				CLANG_ANALYZER_NUMBER_OBJECT_CONVERSION = YES_AGGRESSIVE;
				CLANG_CXX_LANGUAGE_STANDARD = "gnu++14";
				CLANG_CXX_LIBRARY = "libc++";
				CLANG_ENABLE_MODULES = YES;
				CLANG_ENABLE_OBJC_ARC = YES;
				CLANG_ENABLE_OBJC_WEAK = YES;
				CLANG_WARN_BLOCK_CAPTURE_AUTORELEASING = YES;
				CLANG_WARN_BOOL_CONVERSION = YES;
				CLANG_WARN_COMMA = YES;
				CLANG_WARN_CONSTANT_CONVERSION = YES;
				CLANG_WARN_DEPRECATED_OBJC_IMPLEMENTATIONS = YES;
				CLANG_WARN_DIRECT_OBJC_ISA_USAGE = YES_ERROR;
				CLANG_WARN_DOCUMENTATION_COMMENTS = YES;
				CLANG_WARN_EMPTY_BODY = YES;
				CLANG_WARN_ENUM_CONVERSION = YES;
				CLANG_WARN_INFINITE_RECURSION = YES;
				CLANG_WARN_INT_CONVERSION = YES;
				CLANG_WARN_NON_LITERAL_NULL_CONVERSION = YES;
				CLANG_WARN_OBJC_IMPLICIT_RETAIN_SELF = YES;
				CLANG_WARN_OBJC_LITERAL_CONVERSION = YES;
				CLANG_WARN_OBJC_ROOT_CLASS = YES_ERROR;
				CLANG_WARN_RANGE_LOOP_ANALYSIS = YES;
				CLANG_WARN_STRICT_PROTOTYPES = YES;
				CLANG_WARN_SUSPICIOUS_MOVE = YES;
				CLANG_WARN_UNGUARDED_AVAILABILITY = YES_AGGRESSIVE;
				CLANG_WARN_UNREACHABLE_CODE = YES;
				CLANG_WARN__DUPLICATE_METHOD_MATCH = YES;
				CODE_SIGN_IDENTITY = "iPhone Developer";
				COPY_PHASE_STRIP = NO;
				DEBUG_INFORMATION_FORMAT = "dwarf-with-dsym";
				ENABLE_NS_ASSERTIONS = NO;
				ENABLE_STRICT_OBJC_MSGSEND = YES;
				GCC_C_LANGUAGE_STANDARD = gnu11;
				GCC_NO_COMMON_BLOCKS = YES;
				GCC_WARN_64_TO_32_BIT_CONVERSION = YES;
				GCC_WARN_ABOUT_RETURN_TYPE = YES_ERROR;
				GCC_WARN_UNDECLARED_SELECTOR = YES;
				GCC_WARN_UNINITIALIZED_AUTOS = YES_AGGRESSIVE;
				GCC_WARN_UNUSED_FUNCTION = YES;
				GCC_WARN_UNUSED_VARIABLE = YES;
				IPHONEOS_DEPLOYMENT_TARGET = 11.4;
				MTL_ENABLE_DEBUG_INFO = NO;
				SDKROOT = iphoneos;
				SWIFT_COMPILATION_MODE = wholemodule;
				SWIFT_OPTIMIZATION_LEVEL = "-O";
				VALIDATE_PRODUCT = YES;
			};
			name = Release;
		};
		75849C1920E23B24004708F0 /* Debug */ = {
			isa = XCBuildConfiguration;
			baseConfigurationReference = E40CC5C834F0DCB4432EE422 /* Pods-MvvmDemoApp.debug.xcconfig */;
			buildSettings = {
				ALWAYS_EMBED_SWIFT_STANDARD_LIBRARIES = YES;
				ASSETCATALOG_COMPILER_APPICON_NAME = AppIcon;
				CODE_SIGN_ENTITLEMENTS = MvvmDemoApp/MvvmDemoApp.entitlements;
				CODE_SIGN_STYLE = Automatic;
				DEVELOPMENT_TEAM = 64KGZ4D3NY;
				INFOPLIST_FILE = MvvmDemoApp/Info.plist;
				IPHONEOS_DEPLOYMENT_TARGET = 11.0;
				LD_RUNPATH_SEARCH_PATHS = "$(inherited) @executable_path/Frameworks";
				PRODUCT_BUNDLE_IDENTIFIER = com.dawbrack.com.MvvmDemoApp;
				PRODUCT_NAME = "$(TARGET_NAME)";
				SWIFT_VERSION = 4.0;
				TARGETED_DEVICE_FAMILY = "1,2";
			};
			name = Debug;
		};
		75849C1A20E23B24004708F0 /* Release */ = {
			isa = XCBuildConfiguration;
			baseConfigurationReference = B928790D747A8A10F78A31A3 /* Pods-MvvmDemoApp.release.xcconfig */;
			buildSettings = {
				ALWAYS_EMBED_SWIFT_STANDARD_LIBRARIES = YES;
				ASSETCATALOG_COMPILER_APPICON_NAME = AppIcon;
				CODE_SIGN_ENTITLEMENTS = MvvmDemoApp/MvvmDemoApp.entitlements;
				CODE_SIGN_STYLE = Automatic;
				DEVELOPMENT_TEAM = 64KGZ4D3NY;
				INFOPLIST_FILE = MvvmDemoApp/Info.plist;
				IPHONEOS_DEPLOYMENT_TARGET = 11.0;
				LD_RUNPATH_SEARCH_PATHS = "$(inherited) @executable_path/Frameworks";
				PRODUCT_BUNDLE_IDENTIFIER = com.dawbrack.com.MvvmDemoApp;
				PRODUCT_NAME = "$(TARGET_NAME)";
				SWIFT_VERSION = 4.0;
				TARGETED_DEVICE_FAMILY = "1,2";
			};
			name = Release;
		};
/* End XCBuildConfiguration section */

/* Begin XCConfigurationList section */
		7568CE2E20F144280070884F /* Build configuration list for PBXNativeTarget "MvvmDemoAppTests" */ = {
			isa = XCConfigurationList;
			buildConfigurations = (
				7568CE2F20F144280070884F /* Debug */,
				7568CE3020F144280070884F /* Release */,
			);
			defaultConfigurationIsVisible = 0;
			defaultConfigurationName = Release;
		};
		757CCDA620E8415600AEF212 /* Build configuration list for PBXNativeTarget "NotificationServiceExtentsion" */ = {
			isa = XCConfigurationList;
			buildConfigurations = (
				757CCDA720E8415600AEF212 /* Debug */,
				757CCDA820E8415600AEF212 /* Release */,
			);
			defaultConfigurationIsVisible = 0;
			defaultConfigurationName = Release;
		};
		75849C0120E23B22004708F0 /* Build configuration list for PBXProject "MvvmDemoApp" */ = {
			isa = XCConfigurationList;
			buildConfigurations = (
				75849C1620E23B24004708F0 /* Debug */,
				75849C1720E23B24004708F0 /* Release */,
			);
			defaultConfigurationIsVisible = 0;
			defaultConfigurationName = Release;
		};
		75849C1820E23B24004708F0 /* Build configuration list for PBXNativeTarget "MvvmDemoApp" */ = {
			isa = XCConfigurationList;
			buildConfigurations = (
				75849C1920E23B24004708F0 /* Debug */,
				75849C1A20E23B24004708F0 /* Release */,
			);
			defaultConfigurationIsVisible = 0;
			defaultConfigurationName = Release;
		};
/* End XCConfigurationList section */
	};
	rootObject = 75849BFE20E23B22004708F0 /* Project object */;
}
